{
  "version": 4,
  "terraform_version": "1.15.2",
  "serial": 32,
  "lineage": "28eb4803-af17-7036-cc02-12cd16c46cf9",
  "outputs": {
    "eventbridge_rule_arns": {
      "value": {
        "pedestrian_poll": "arn:aws:events:us-east-2:546208175355:rule/pedestrian-poll-rule"
      },
      "type": [
        "object",
        {
          "pedestrian_poll": "string"
        }
      ]
    },
    "lambda_function_arn": {
      "value": "arn:aws:lambda:us-east-2:546208175355:function:pedestrian-counting-poller",
      "type": "string"
    },
    "lambda_function_name": {
      "value": "pedestrian-api-to-snowflake-pipeline",
      "type": "string"
    }
  },
  "resources": [
    {
      "module": "module.eventbridge",
      "mode": "data",
      "type": "aws_caller_identity",
      "name": "current",
      "provider": "provider[\"registry.terraform.io/hashicorp/aws\"]",
      "instances": [
        {
          "schema_version": 0,
          "attributes": {
            "account_id": "546208175355",
            "arn": "arn:aws:iam::546208175355:root",
            "id": "546208175355",
            "user_id": "546208175355"
          },
          "sensitive_attributes": [],
          "identity_schema_version": 0
        }
      ]
    },
    {
      "module": "module.eventbridge",
      "mode": "data",
      "type": "aws_cloudwatch_event_bus",
      "name": "this",
      "provider": "provider[\"registry.terraform.io/hashicorp/aws\"]",
      "instances": [
        {
          "index_key": 0,
          "schema_version": 0,
          "attributes": {
            "arn": "arn:aws:events:us-east-2:546208175355:event-bus/default",
            "dead_letter_config": [],
            "description": "",
            "id": "default",
            "kms_key_identifier": "",
            "log_config": [],
            "name": "default",
            "region": "us-east-2"
          },
          "sensitive_attributes": [],
          "identity_schema_version": 0
        }
      ]
    },
    {
      "module": "module.eventbridge",
      "mode": "data",
      "type": "aws_iam_policy",
      "name": "tracing",
      "provider": "provider[\"registry.terraform.io/hashicorp/aws\"]",
      "instances": []
    },
    {
      "module": "module.eventbridge",
      "mode": "data",
      "type": "aws_iam_policy_document",
      "name": "additional_inline",
      "provider": "provider[\"registry.terraform.io/hashicorp/aws\"]",
      "instances": []
    },
    {
      "module": "module.eventbridge",
      "mode": "data",
      "type": "aws_iam_policy_document",
      "name": "api_destination",
      "provider": "provider[\"registry.terraform.io/hashicorp/aws\"]",
      "instances": []
    },
    {
      "module": "module.eventbridge",
      "mode": "data",
      "type": "aws_iam_policy_document",
      "name": "assume_role",
      "provider": "provider[\"registry.terraform.io/hashicorp/aws\"]",
      "instances": [
        {
          "index_key": 0,
          "schema_version": 0,
          "attributes": {
            "id": "3959961479",
            "json": "{\n  \"Version\": \"2012-10-17\",\n  \"Statement\": [\n    {\n      \"Effect\": \"Allow\",\n      \"Action\": \"sts:AssumeRole\",\n      \"Principal\": {\n        \"Service\": \"events.amazonaws.com\"\n      }\n    }\n  ]\n}",
            "minified_json": "{\"Version\":\"2012-10-17\",\"Statement\":[{\"Effect\":\"Allow\",\"Action\":\"sts:AssumeRole\",\"Principal\":{\"Service\":\"events.amazonaws.com\"}}]}",
            "override_json": null,
            "override_policy_documents": null,
            "policy_id": null,
            "source_json": null,
            "source_policy_documents": null,
            "statement": [
              {
                "actions": [
                  "sts:AssumeRole"
                ],
                "condition": [],
                "effect": "Allow",
                "not_actions": [],
                "not_principals": [],
                "not_resources": [],
                "principals": [
                  {
                    "identifiers": [
                      "events.amazonaws.com"
                    ],
                    "type": "Service"
                  }
                ],
                "resources": [],
                "sid": ""
              }
            ],
            "version": "2012-10-17"
          },
          "sensitive_attributes": [],
          "identity_schema_version": 0
        }
      ]
    },
    {
      "module": "module.eventbridge",
      "mode": "data",
      "type": "aws_iam_policy_document",
      "name": "assume_role_pipe",
      "provider": "provider[\"registry.terraform.io/hashicorp/aws\"]",
      "instances": []
    },
    {
      "module": "module.eventbridge",
      "mode": "data",
      "type": "aws_iam_policy_document",
      "name": "cloudwatch",
      "provider": "provider[\"registry.terraform.io/hashicorp/aws\"]",
      "instances": []
    },
    {
      "module": "module.eventbridge",
      "mode": "data",
      "type": "aws_iam_policy_document",
      "name": "ecs",
      "provider": "provider[\"registry.terraform.io/hashicorp/aws\"]",
      "instances": []
    },
    {
      "module": "module.eventbridge",
      "mode": "data",
      "type": "aws_iam_policy_document",
      "name": "kinesis",
      "provider": "provider[\"registry.terraform.io/hashicorp/aws\"]",
      "instances": []
    },
    {
      "module": "module.eventbridge",
      "mode": "data",
      "type": "aws_iam_policy_document",
      "name": "kinesis_firehose",
      "provider": "provider[\"registry.terraform.io/hashicorp/aws\"]",
      "instances": []
    },
    {
      "module": "module.eventbridge",
      "mode": "data",
      "type": "aws_iam_policy_document",
      "name": "lambda",
      "provider": "provider[\"registry.terraform.io/hashicorp/aws\"]",
      "instances": []
    },
    {
      "module": "module.eventbridge",
      "mode": "data",
      "type": "aws_iam_policy_document",
      "name": "service",
      "provider": "provider[\"registry.terraform.io/hashicorp/aws\"]",
      "instances": []
    },
    {
      "module": "module.eventbridge",
      "mode": "data",
      "type": "aws_iam_policy_document",
      "name": "sfn",
      "provider": "provider[\"registry.terraform.io/hashicorp/aws\"]",
      "instances": []
    },
    {
      "module": "module.eventbridge",
      "mode": "data",
      "type": "aws_iam_policy_document",
      "name": "sns",
      "provider": "provider[\"registry.terraform.io/hashicorp/aws\"]",
      "instances": []
    },
    {
      "module": "module.eventbridge",
      "mode": "data",
      "type": "aws_iam_policy_document",
      "name": "sqs",
      "provider": "provider[\"registry.terraform.io/hashicorp/aws\"]",
      "instances": []
    },
    {
      "module": "module.eventbridge",
      "mode": "data",
      "type": "aws_partition",
      "name": "current",
      "provider": "provider[\"registry.terraform.io/hashicorp/aws\"]",
      "instances": [
        {
          "schema_version": 0,
          "attributes": {
            "dns_suffix": "amazonaws.com",
            "id": "aws",
            "partition": "aws",
            "reverse_dns_prefix": "com.amazonaws"
          },
          "sensitive_attributes": [],
          "identity_schema_version": 0
        }
      ]
    },
    {
      "module": "module.eventbridge",
      "mode": "data",
      "type": "aws_region",
      "name": "current",
      "provider": "provider[\"registry.terraform.io/hashicorp/aws\"]",
      "instances": [
        {
          "schema_version": 0,
          "attributes": {
            "description": "US East (Ohio)",
            "endpoint": "ec2.us-east-2.amazonaws.com",
            "id": "us-east-2",
            "name": "us-east-2",
            "region": "us-east-2"
          },
          "sensitive_attributes": [],
          "identity_schema_version": 0
        }
      ]
    },
    {
      "module": "module.eventbridge",
      "mode": "managed",
      "type": "aws_cloudwatch_event_api_destination",
      "name": "this",
      "provider": "provider[\"registry.terraform.io/hashicorp/aws\"]",
      "instances": []
    },
    {
      "module": "module.eventbridge",
      "mode": "managed",
      "type": "aws_cloudwatch_event_archive",
      "name": "this",
      "provider": "provider[\"registry.terraform.io/hashicorp/aws\"]",
      "instances": []
    },
    {
      "module": "module.eventbridge",
      "mode": "managed",
      "type": "aws_cloudwatch_event_bus",
      "name": "this",
      "provider": "provider[\"registry.terraform.io/hashicorp/aws\"]",
      "instances": []
    },
    {
      "module": "module.eventbridge",
      "mode": "managed",
      "type": "aws_cloudwatch_event_connection",
      "name": "this",
      "provider": "provider[\"registry.terraform.io/hashicorp/aws\"]",
      "instances": []
    },
    {
      "module": "module.eventbridge",
      "mode": "managed",
      "type": "aws_cloudwatch_event_permission",
      "name": "this",
      "provider": "provider[\"registry.terraform.io/hashicorp/aws\"]",
      "instances": []
    },
    {
      "module": "module.eventbridge",
      "mode": "managed",
      "type": "aws_cloudwatch_event_rule",
      "name": "this",
      "provider": "provider[\"registry.terraform.io/hashicorp/aws\"]",
      "instances": [
        {
          "index_key": "pedestrian_poll",
          "schema_version": 1,
          "attributes": {
            "arn": "arn:aws:events:us-east-2:546208175355:rule/pedestrian-poll-rule",
            "description": "Poll Melbourne pedestrian counting API",
            "event_bus_name": "default",
            "event_pattern": null,
            "force_destroy": false,
            "id": "pedestrian-poll-rule",
            "is_enabled": true,
            "name": "pedestrian-poll-rule",
            "name_prefix": "",
            "region": "us-east-2",
            "role_arn": "",
            "schedule_expression": "rate(15 minutes)",
            "state": "ENABLED",
            "tags": {
              "Name": "pedestrian-poll-rule"
            },
            "tags_all": {
              "Name": "pedestrian-poll-rule"
            }
          },
          "sensitive_attributes": [],
          "identity_schema_version": 0,
          "identity": {
            "account_id": "546208175355",
            "name": "pedestrian-poll-rule",
            "region": "us-east-2"
          },
          "private": "eyJzY2hlbWFfdmVyc2lvbiI6IjEifQ==",
          "dependencies": [
            "module.eventbridge.aws_cloudwatch_event_bus.this",
            "module.eventbridge.aws_iam_role.eventbridge",
            "module.eventbridge.data.aws_iam_policy_document.assume_role"
          ],
          "create_before_destroy": true
        }
      ]
    },
    {
      "module": "module.eventbridge",
      "mode": "managed",
      "type": "aws_cloudwatch_log_delivery",
      "name": "this",
      "provider": "provider[\"registry.terraform.io/hashicorp/aws\"]",
      "instances": []
    },
    {
      "module": "module.eventbridge",
      "mode": "managed",
      "type": "aws_cloudwatch_log_delivery_destination",
      "name": "this",
      "provider": "provider[\"registry.terraform.io/hashicorp/aws\"]",
      "instances": []
    },
    {
      "module": "module.eventbridge",
      "mode": "managed",
      "type": "aws_cloudwatch_log_delivery_source",
      "name": "this",
      "provider": "provider[\"registry.terraform.io/hashicorp/aws\"]",
      "instances": [
        {
          "index_key": 0,
          "schema_version": 0,
          "attributes": {
            "arn": "arn:aws:logs:us-east-2:546208175355:delivery-source:default",
            "log_type": "ERROR_LOGS",
            "name": "default",
            "region": "us-east-2",
            "resource_arn": "arn:aws:events:us-east-2:546208175355:event-bus/default",
            "service": "events",
            "tags": {},
            "tags_all": {}
          },
          "sensitive_attributes": [],
          "identity_schema_version": 0,
          "dependencies": [
            "module.eventbridge.aws_cloudwatch_event_bus.this",
            "module.eventbridge.data.aws_cloudwatch_event_bus.this"
          ]
        }
      ]
    },
    {
      "module": "module.eventbridge",
      "mode": "managed",
      "type": "aws_iam_policy",
      "name": "additional_inline",
      "provider": "provider[\"registry.terraform.io/hashicorp/aws\"]",
      "instances": []
    },
    {
      "module": "module.eventbridge",
      "mode": "managed",
      "type": "aws_iam_policy",
      "name": "additional_json",
      "provider": "provider[\"registry.terraform.io/hashicorp/aws\"]",
      "instances": []
    },
    {
      "module": "module.eventbridge",
      "mode": "managed",
      "type": "aws_iam_policy",
      "name": "additional_jsons",
      "provider": "provider[\"registry.terraform.io/hashicorp/aws\"]",
      "instances": []
    },
    {
      "module": "module.eventbridge",
      "mode": "managed",
      "type": "aws_iam_policy",
      "name": "api_destination",
      "provider": "provider[\"registry.terraform.io/hashicorp/aws\"]",
      "instances": []
    },
    {
      "module": "module.eventbridge",
      "mode": "managed",
      "type": "aws_iam_policy",
      "name": "cloudwatch",
      "provider": "provider[\"registry.terraform.io/hashicorp/aws\"]",
      "instances": []
    },
    {
      "module": "module.eventbridge",
      "mode": "managed",
      "type": "aws_iam_policy",
      "name": "ecs",
      "provider": "provider[\"registry.terraform.io/hashicorp/aws\"]",
      "instances": []
    },
    {
      "module": "module.eventbridge",
      "mode": "managed",
      "type": "aws_iam_policy",
      "name": "kinesis",
      "provider": "provider[\"registry.terraform.io/hashicorp/aws\"]",
      "instances": []
    },
    {
      "module": "module.eventbridge",
      "mode": "managed",
      "type": "aws_iam_policy",
      "name": "kinesis_firehose",
      "provider": "provider[\"registry.terraform.io/hashicorp/aws\"]",
      "instances": []
    },
    {
      "module": "module.eventbridge",
      "mode": "managed",
      "type": "aws_iam_policy",
      "name": "lambda",
      "provider": "provider[\"registry.terraform.io/hashicorp/aws\"]",
      "instances": []
    },
    {
      "module": "module.eventbridge",
      "mode": "managed",
      "type": "aws_iam_policy",
      "name": "service",
      "provider": "provider[\"registry.terraform.io/hashicorp/aws\"]",
      "instances": []
    },
    {
      "module": "module.eventbridge",
      "mode": "managed",
      "type": "aws_iam_policy",
      "name": "sfn",
      "provider": "provider[\"registry.terraform.io/hashicorp/aws\"]",
      "instances": []
    },
    {
      "module": "module.eventbridge",
      "mode": "managed",
      "type": "aws_iam_policy",
      "name": "sns",
      "provider": "provider[\"registry.terraform.io/hashicorp/aws\"]",
      "instances": []
    },
    {
      "module": "module.eventbridge",
      "mode": "managed",
      "type": "aws_iam_policy",
      "name": "sqs",
      "provider": "provider[\"registry.terraform.io/hashicorp/aws\"]",
      "instances": []
    },
    {
      "module": "module.eventbridge",
      "mode": "managed",
      "type": "aws_iam_policy",
      "name": "tracing",
      "provider": "provider[\"registry.terraform.io/hashicorp/aws\"]",
      "instances": []
    },
    {
      "module": "module.eventbridge",
      "mode": "managed",
      "type": "aws_iam_policy_attachment",
      "name": "additional_inline",
      "provider": "provider[\"registry.terraform.io/hashicorp/aws\"]",
      "instances": []
    },
    {
      "module": "module.eventbridge",
      "mode": "managed",
      "type": "aws_iam_policy_attachment",
      "name": "additional_json",
      "provider": "provider[\"registry.terraform.io/hashicorp/aws\"]",
      "instances": []
    },
    {
      "module": "module.eventbridge",
      "mode": "managed",
      "type": "aws_iam_policy_attachment",
      "name": "additional_jsons",
      "provider": "provider[\"registry.terraform.io/hashicorp/aws\"]",
      "instances": []
    },
    {
      "module": "module.eventbridge",
      "mode": "managed",
      "type": "aws_iam_policy_attachment",
      "name": "api_destination",
      "provider": "provider[\"registry.terraform.io/hashicorp/aws\"]",
      "instances": []
    },
    {
      "module": "module.eventbridge",
      "mode": "managed",
      "type": "aws_iam_policy_attachment",
      "name": "cloudwatch",
      "provider": "provider[\"registry.terraform.io/hashicorp/aws\"]",
      "instances": []
    },
    {
      "module": "module.eventbridge",
      "mode": "managed",
      "type": "aws_iam_policy_attachment",
      "name": "ecs",
      "provider": "provider[\"registry.terraform.io/hashicorp/aws\"]",
      "instances": []
    },
    {
      "module": "module.eventbridge",
      "mode": "managed",
      "type": "aws_iam_policy_attachment",
      "name": "kinesis",
      "provider": "provider[\"registry.terraform.io/hashicorp/aws\"]",
      "instances": []
    },
    {
      "module": "module.eventbridge",
      "mode": "managed",
      "type": "aws_iam_policy_attachment",
      "name": "kinesis_firehose",
      "provider": "provider[\"registry.terraform.io/hashicorp/aws\"]",
      "instances": []
    },
    {
      "module": "module.eventbridge",
      "mode": "managed",
      "type": "aws_iam_policy_attachment",
      "name": "lambda",
      "provider": "provider[\"registry.terraform.io/hashicorp/aws\"]",
      "instances": []
    },
    {
      "module": "module.eventbridge",
      "mode": "managed",
      "type": "aws_iam_policy_attachment",
      "name": "service",
      "provider": "provider[\"registry.terraform.io/hashicorp/aws\"]",
      "instances": []
    },
    {
      "module": "module.eventbridge",
      "mode": "managed",
      "type": "aws_iam_policy_attachment",
      "name": "sfn",
      "provider": "provider[\"registry.terraform.io/hashicorp/aws\"]",
      "instances": []
    },
    {
      "module": "module.eventbridge",
      "mode": "managed",
      "type": "aws_iam_policy_attachment",
      "name": "sns",
      "provider": "provider[\"registry.terraform.io/hashicorp/aws\"]",
      "instances": []
    },
    {
      "module": "module.eventbridge",
      "mode": "managed",
      "type": "aws_iam_policy_attachment",
      "name": "sqs",
      "provider": "provider[\"registry.terraform.io/hashicorp/aws\"]",
      "instances": []
    },
    {
      "module": "module.eventbridge",
      "mode": "managed",
      "type": "aws_iam_policy_attachment",
      "name": "tracing",
      "provider": "provider[\"registry.terraform.io/hashicorp/aws\"]",
      "instances": []
    },
    {
      "module": "module.eventbridge",
      "mode": "managed",
      "type": "aws_iam_role",
      "name": "eventbridge",
      "provider": "provider[\"registry.terraform.io/hashicorp/aws\"]",
      "instances": [
        {
          "index_key": 0,
          "schema_version": 0,
          "attributes": {
            "arn": "arn:aws:iam::546208175355:role/default",
            "assume_role_policy": "{\"Statement\":[{\"Action\":\"sts:AssumeRole\",\"Effect\":\"Allow\",\"Principal\":{\"Service\":\"events.amazonaws.com\"}}],\"Version\":\"2012-10-17\"}",
            "create_date": "2026-05-23T11:15:53Z",
            "description": "",
            "force_detach_policies": true,
            "id": "default",
            "inline_policy": [],
            "managed_policy_arns": [],
            "max_session_duration": 3600,
            "name": "default",
            "name_prefix": "",
            "path": "/",
            "permissions_boundary": "",
            "tags": {
              "Name": "default"
            },
            "tags_all": {
              "Name": "default"
            },
            "unique_id": "AROAX6LELKT563CIJPCBX"
          },
          "sensitive_attributes": [],
          "identity_schema_version": 0,
          "identity": {
            "account_id": "546208175355",
            "name": "default"
          },
          "private": "bnVsbA==",
          "dependencies": [
            "module.eventbridge.data.aws_iam_policy_document.assume_role"
          ],
          "create_before_destroy": true
        }
      ]
    },
    {
      "module": "module.eventbridge",
      "mode": "managed",
      "type": "aws_iam_role",
      "name": "eventbridge_pipe",
      "provider": "provider[\"registry.terraform.io/hashicorp/aws\"]",
      "instances": []
    },
    {
      "module": "module.eventbridge",
      "mode": "managed",
      "type": "aws_iam_role_policy_attachment",
      "name": "additional_many",
      "provider": "provider[\"registry.terraform.io/hashicorp/aws\"]",
      "instances": []
    },
    {
      "module": "module.eventbridge",
      "mode": "managed",
      "type": "aws_iam_role_policy_attachment",
      "name": "additional_one",
      "provider": "provider[\"registry.terraform.io/hashicorp/aws\"]",
      "instances": []
    },
    {
      "module": "module.eventbridge",
      "mode": "managed",
      "type": "aws_pipes_pipe",
      "name": "this",
      "provider": "provider[\"registry.terraform.io/hashicorp/aws\"]",
      "instances": []
    },
    {
      "module": "module.eventbridge",
      "mode": "managed",
      "type": "aws_scheduler_schedule",
      "name": "this",
      "provider": "provider[\"registry.terraform.io/hashicorp/aws\"]",
      "instances": []
    },
    {
      "module": "module.eventbridge",
      "mode": "managed",
      "type": "aws_scheduler_schedule_group",
      "name": "this",
      "provider": "provider[\"registry.terraform.io/hashicorp/aws\"]",
      "instances": []
    },
    {
      "module": "module.eventbridge",
      "mode": "managed",
      "type": "aws_schemas_discoverer",
      "name": "this",
      "provider": "provider[\"registry.terraform.io/hashicorp/aws\"]",
      "instances": []
    },
    {
      "module": "module.lambda",
      "mode": "data",
      "type": "aws_arn",
      "name": "log_group_arn",
      "provider": "provider[\"registry.terraform.io/hashicorp/aws\"]",
      "instances": []
    },
    {
      "module": "module.lambda",
      "mode": "data",
      "type": "aws_caller_identity",
      "name": "current",
      "provider": "provider[\"registry.terraform.io/hashicorp/aws\"]",
      "instances": [
        {
          "schema_version": 0,
          "attributes": {
            "account_id": "546208175355",
            "arn": "arn:aws:iam::546208175355:root",
            "id": "546208175355",
            "user_id": "546208175355"
          },
          "sensitive_attributes": [],
          "identity_schema_version": 0
        }
      ]
    },
    {
      "module": "module.lambda",
      "mode": "data",
      "type": "aws_cloudwatch_log_group",
      "name": "lambda",
      "provider": "provider[\"registry.terraform.io/hashicorp/aws\"]",
      "instances": []
    },
    {
      "module": "module.lambda",
      "mode": "data",
      "type": "aws_iam_policy",
      "name": "tracing",
      "provider": "provider[\"registry.terraform.io/hashicorp/aws\"]",
      "instances": []
    },
    {
      "module": "module.lambda",
      "mode": "data",
      "type": "aws_iam_policy",
      "name": "vpc",
      "provider": "provider[\"registry.terraform.io/hashicorp/aws\"]",
      "instances": []
    },
    {
      "module": "module.lambda",
      "mode": "data",
      "type": "aws_iam_policy_document",
      "name": "additional_inline",
      "provider": "provider[\"registry.terraform.io/hashicorp/aws\"]",
      "instances": []
    },
    {
      "module": "module.lambda",
      "mode": "data",
      "type": "aws_iam_policy_document",
      "name": "assume_role",
      "provider": "provider[\"registry.terraform.io/hashicorp/aws\"]",
      "instances": [
        {
          "index_key": 0,
          "schema_version": 0,
          "attributes": {
            "id": "2690255455",
            "json": "{\n  \"Version\": \"2012-10-17\",\n  \"Statement\": [\n    {\n      \"Effect\": \"Allow\",\n      \"Action\": \"sts:AssumeRole\",\n      \"Principal\": {\n        \"Service\": \"lambda.amazonaws.com\"\n      }\n    }\n  ]\n}",
            "minified_json": "{\"Version\":\"2012-10-17\",\"Statement\":[{\"Effect\":\"Allow\",\"Action\":\"sts:AssumeRole\",\"Principal\":{\"Service\":\"lambda.amazonaws.com\"}}]}",
            "override_json": null,
            "override_policy_documents": null,
            "policy_id": null,
            "source_json": null,
            "source_policy_documents": null,
            "statement": [
              {
                "actions": [
                  "sts:AssumeRole"
                ],
                "condition": [],
                "effect": "Allow",
                "not_actions": [],
                "not_principals": [],
                "not_resources": [],
                "principals": [
                  {
                    "identifiers": [
                      "lambda.amazonaws.com"
                    ],
                    "type": "Service"
                  }
                ],
                "resources": [],
                "sid": ""
              }
            ],
            "version": "2012-10-17"
          },
          "sensitive_attributes": [],
          "identity_schema_version": 0
        }
      ]
    },
    {
      "module": "module.lambda",
      "mode": "data",
      "type": "aws_iam_policy_document",
      "name": "async",
      "provider": "provider[\"registry.terraform.io/hashicorp/aws\"]",
      "instances": []
    },
    {
      "module": "module.lambda",
      "mode": "data",
      "type": "aws_iam_policy_document",
      "name": "dead_letter",
      "provider": "provider[\"registry.terraform.io/hashicorp/aws\"]",
      "instances": []
    },
    {
      "module": "module.lambda",
      "mode": "data",
      "type": "aws_iam_policy_document",
      "name": "logs",
      "provider": "provider[\"registry.terraform.io/hashicorp/aws\"]",
      "instances": [
        {
          "index_key": 0,
          "schema_version": 0,
          "attributes": {
            "id": "2243215968",
            "json": "{\n  \"Version\": \"2012-10-17\",\n  \"Statement\": [\n    {\n      \"Effect\": \"Allow\",\n      \"Action\": [\n        \"logs:PutLogEvents\",\n        \"logs:CreateLogStream\",\n        \"logs:CreateLogGroup\"\n      ],\n      \"Resource\": [\n        \"arn:aws:logs:us-east-2:546208175355:log-group:/aws/lambda/pedestrian-api-to-snowflake-pipeline:*:*\",\n        \"arn:aws:logs:us-east-2:546208175355:log-group:/aws/lambda/pedestrian-api-to-snowflake-pipeline:*\"\n      ]\n    }\n  ]\n}",
            "minified_json": "{\"Version\":\"2012-10-17\",\"Statement\":[{\"Effect\":\"Allow\",\"Action\":[\"logs:PutLogEvents\",\"logs:CreateLogStream\",\"logs:CreateLogGroup\"],\"Resource\":[\"arn:aws:logs:us-east-2:546208175355:log-group:/aws/lambda/pedestrian-api-to-snowflake-pipeline:*:*\",\"arn:aws:logs:us-east-2:546208175355:log-group:/aws/lambda/pedestrian-api-to-snowflake-pipeline:*\"]}]}",
            "override_json": null,
            "override_policy_documents": null,
            "policy_id": null,
            "source_json": null,
            "source_policy_documents": null,
            "statement": [
              {
                "actions": [
                  "logs:CreateLogGroup",
                  "logs:CreateLogStream",
                  "logs:PutLogEvents"
                ],
                "condition": [],
                "effect": "Allow",
                "not_actions": [],
                "not_principals": [],
                "not_resources": [],
                "principals": [],
                "resources": [
                  "arn:aws:logs:us-east-2:546208175355:log-group:/aws/lambda/pedestrian-api-to-snowflake-pipeline:*",
                  "arn:aws:logs:us-east-2:546208175355:log-group:/aws/lambda/pedestrian-api-to-snowflake-pipeline:*:*"
                ],
                "sid": ""
              }
            ],
            "version": "2012-10-17"
          },
          "sensitive_attributes": [],
          "identity_schema_version": 0
        }
      ]
    },
    {
      "module": "module.lambda",
      "mode": "data",
      "type": "aws_partition",
      "name": "current",
      "provider": "provider[\"registry.terraform.io/hashicorp/aws\"]",
      "instances": [
        {
          "schema_version": 0,
          "attributes": {
            "dns_suffix": "amazonaws.com",
            "id": "aws",
            "partition": "aws",
            "reverse_dns_prefix": "com.amazonaws"
          },
          "sensitive_attributes": [],
          "identity_schema_version": 0
        }
      ]
    },
    {
      "module": "module.lambda",
      "mode": "data",
      "type": "aws_region",
      "name": "current",
      "provider": "provider[\"registry.terraform.io/hashicorp/aws\"]",
      "instances": [
        {
          "schema_version": 0,
          "attributes": {
            "description": "US East (Ohio)",
            "endpoint": "ec2.us-east-2.amazonaws.com",
            "id": "us-east-2",
            "name": "us-east-2",
            "region": "us-east-2"
          },
          "sensitive_attributes": [],
          "identity_schema_version": 0
        }
      ]
    },
    {
      "module": "module.lambda",
      "mode": "data",
      "type": "external",
      "name": "archive_prepare",
      "provider": "provider[\"registry.terraform.io/hashicorp/external\"]",
      "instances": [
        {
          "index_key": 0,
          "schema_version": 0,
          "attributes": {
            "id": "-",
            "program": [
              "python3",
              ".terraform/modules/lambda/package.py",
              "prepare"
            ],
            "query": {
              "artifacts_dir": "builds",
              "docker": null,
              "hash_extra": "",
              "hash_internal": "[\"eadf00000bd002258fe264981f05a7125cce4d9860ee10a9f817d05fb67b4aa9\"]",
              "paths": "{\"cwd\":\"/home/case/repos/melbourne-pedestrian-data-pipeline/terraform/environments/prod\",\"module\":\".terraform/modules/lambda\",\"root\":\".\"}",
              "quiet": "true",
              "recreate_missing_package": "true",
              "runtime": "python3.12",
              "source_path": "./../../../lambda"
            },
            "result": {
              "build_plan": "{\"filename\": \"builds/877a479e44aeaf945a5dc60fe0b6cf3ff9bde5d7947d1258816d26dcdf5a1dbe.zip\", \"runtime\": \"python3.12\", \"artifacts_dir\": \"builds\", \"build_plan\": [[[\"pip\", \"python3.12\", \"../../../lambda/requirements.txt\", null, null], [\"zip\", \"../../../lambda\", null]]], \"quiet\": \"true\"}",
              "build_plan_filename": "builds/877a479e44aeaf945a5dc60fe0b6cf3ff9bde5d7947d1258816d26dcdf5a1dbe.plan.json",
              "filename": "builds/877a479e44aeaf945a5dc60fe0b6cf3ff9bde5d7947d1258816d26dcdf5a1dbe.zip",
              "timestamp": "1779975491089869000"
            },
            "working_dir": null
          },
          "sensitive_attributes": [],
          "identity_schema_version": 0
        }
      ]
    },
    {
      "module": "module.lambda",
      "mode": "managed",
      "type": "aws_cloudwatch_log_group",
      "name": "lambda",
      "provider": "provider[\"registry.terraform.io/hashicorp/aws\"]",
      "instances": [
        {
          "index_key": 0,
          "schema_version": 0,
          "attributes": {
            "arn": "arn:aws:logs:us-east-2:546208175355:log-group:/aws/lambda/pedestrian-api-to-snowflake-pipeline",
            "deletion_protection_enabled": false,
            "id": "/aws/lambda/pedestrian-api-to-snowflake-pipeline",
            "kms_key_id": "",
            "log_group_class": "STANDARD",
            "name": "/aws/lambda/pedestrian-api-to-snowflake-pipeline",
            "name_prefix": "",
            "region": "us-east-2",
            "retention_in_days": 0,
            "skip_destroy": false,
            "tags": null,
            "tags_all": {}
          },
          "sensitive_attributes": [],
          "identity_schema_version": 0,
          "identity": {
            "account_id": "546208175355",
            "name": "/aws/lambda/pedestrian-api-to-snowflake-pipeline",
            "region": "us-east-2"
          },
          "private": "bnVsbA==",
          "create_before_destroy": true
        },
        {
          "index_key": 0,
          "deposed": "77096198",
          "schema_version": 0,
          "attributes": {
            "arn": "arn:aws:logs:us-east-2:546208175355:log-group:/aws/lambda/pedestrian-counting-poller",
            "deletion_protection_enabled": false,
            "id": "/aws/lambda/pedestrian-counting-poller",
            "kms_key_id": "",
            "log_group_class": "STANDARD",
            "name": "/aws/lambda/pedestrian-counting-poller",
            "name_prefix": "",
            "region": "us-east-2",
            "retention_in_days": 0,
            "skip_destroy": false,
            "tags": {},
            "tags_all": {}
          },
          "sensitive_attributes": [],
          "identity_schema_version": 0,
          "identity": {
            "account_id": "546208175355",
            "name": "/aws/lambda/pedestrian-counting-poller",
            "region": "us-east-2"
          },
          "private": "bnVsbA==",
          "create_before_destroy": true
        }
      ]
    },
    {
      "module": "module.lambda",
      "mode": "managed",
      "type": "aws_iam_role",
      "name": "lambda",
      "provider": "provider[\"registry.terraform.io/hashicorp/aws\"]",
      "instances": [
        {
          "index_key": 0,
          "schema_version": 0,
          "attributes": {
            "arn": "arn:aws:iam::546208175355:role/pedestrian-api-to-snowflake-pipeline",
            "assume_role_policy": "{\"Statement\":[{\"Action\":\"sts:AssumeRole\",\"Effect\":\"Allow\",\"Principal\":{\"Service\":\"lambda.amazonaws.com\"}}],\"Version\":\"2012-10-17\"}",
            "create_date": "2026-05-28T13:43:59Z",
            "description": "",
            "force_detach_policies": true,
            "id": "pedestrian-api-to-snowflake-pipeline",
            "inline_policy": [],
            "managed_policy_arns": [],
            "max_session_duration": 3600,
            "name": "pedestrian-api-to-snowflake-pipeline",
            "name_prefix": "",
            "path": "/",
            "permissions_boundary": "",
            "tags": null,
            "tags_all": {},
            "unique_id": "AROAX6LELKT567CQTLBMX"
          },
          "sensitive_attributes": [],
          "identity_schema_version": 0,
          "identity": {
            "account_id": "546208175355",
            "name": "pedestrian-api-to-snowflake-pipeline"
          },
          "private": "bnVsbA==",
          "dependencies": [
            "module.lambda.data.aws_iam_policy_document.assume_role"
          ],
          "create_before_destroy": true
        },
        {
          "index_key": 0,
          "deposed": "818a520e",
          "schema_version": 0,
          "attributes": {
            "arn": "arn:aws:iam::546208175355:role/pedestrian-counting-poller",
            "assume_role_policy": "{\"Statement\":[{\"Action\":\"sts:AssumeRole\",\"Effect\":\"Allow\",\"Principal\":{\"Service\":\"lambda.amazonaws.com\"}}],\"Version\":\"2012-10-17\"}",
            "create_date": "2026-05-23T11:15:53Z",
            "description": "",
            "force_detach_policies": true,
            "id": "pedestrian-counting-poller",
            "inline_policy": [
              {
                "name": "pedestrian-counting-poller-logs",
                "policy": "{\"Version\":\"2012-10-17\",\"Statement\":[{\"Action\":[\"logs:PutLogEvents\",\"logs:CreateLogStream\",\"logs:CreateLogGroup\"],\"Effect\":\"Allow\",\"Resource\":[\"arn:aws:logs:us-east-2:546208175355:log-group:/aws/lambda/pedestrian-counting-poller:*:*\",\"arn:aws:logs:us-east-2:546208175355:log-group:/aws/lambda/pedestrian-counting-poller:*\"]}]}"
              }
            ],
            "managed_policy_arns": [],
            "max_session_duration": 3600,
            "name": "pedestrian-counting-poller",
            "name_prefix": "",
            "path": "/",
            "permissions_boundary": "",
            "tags": {},
            "tags_all": {},
            "unique_id": "AROAX6LELKT5RFQCPRCOQ"
          },
          "sensitive_attributes": [],
          "identity_schema_version": 0,
          "identity": {
            "account_id": "546208175355",
            "name": "pedestrian-counting-poller"
          },
          "private": "bnVsbA==",
          "dependencies": [
            "module.lambda.data.aws_iam_policy_document.assume_role"
          ],
          "create_before_destroy": true
        }
      ]
    },
    {
      "module": "module.lambda",
      "mode": "managed",
      "type": "aws_iam_role_policy",
      "name": "additional_inline",
      "provider": "provider[\"registry.terraform.io/hashicorp/aws\"]",
      "instances": []
    },
    {
      "module": "module.lambda",
      "mode": "managed",
      "type": "aws_iam_role_policy",
      "name": "additional_json",
      "provider": "provider[\"registry.terraform.io/hashicorp/aws\"]",
      "instances": []
    },
    {
      "module": "module.lambda",
      "mode": "managed",
      "type": "aws_iam_role_policy",
      "name": "additional_jsons",
      "provider": "provider[\"registry.terraform.io/hashicorp/aws\"]",
      "instances": []
    },
    {
      "module": "module.lambda",
      "mode": "managed",
      "type": "aws_iam_role_policy",
      "name": "async",
      "provider": "provider[\"registry.terraform.io/hashicorp/aws\"]",
      "instances": []
    },
    {
      "module": "module.lambda",
      "mode": "managed",
      "type": "aws_iam_role_policy",
      "name": "dead_letter",
      "provider": "provider[\"registry.terraform.io/hashicorp/aws\"]",
      "instances": []
    },
    {
      "module": "module.lambda",
      "mode": "managed",
      "type": "aws_iam_role_policy",
      "name": "logs",
      "provider": "provider[\"registry.terraform.io/hashicorp/aws\"]",
      "instances": [
        {
          "index_key": 0,
          "schema_version": 0,
          "attributes": {
            "id": "pedestrian-api-to-snowflake-pipeline:pedestrian-api-to-snowflake-pipeline-logs",
            "name": "pedestrian-api-to-snowflake-pipeline-logs",
            "name_prefix": "",
            "policy": "{\"Version\":\"2012-10-17\",\"Statement\":[{\"Action\":[\"logs:PutLogEvents\",\"logs:CreateLogStream\",\"logs:CreateLogGroup\"],\"Effect\":\"Allow\",\"Resource\":[\"arn:aws:logs:us-east-2:546208175355:log-group:/aws/lambda/pedestrian-api-to-snowflake-pipeline:*:*\",\"arn:aws:logs:us-east-2:546208175355:log-group:/aws/lambda/pedestrian-api-to-snowflake-pipeline:*\"]}]}",
            "role": "pedestrian-api-to-snowflake-pipeline"
          },
          "sensitive_attributes": [],
          "identity_schema_version": 0,
          "identity": {
            "account_id": "546208175355",
            "name": "pedestrian-api-to-snowflake-pipeline-logs",
            "role": "pedestrian-api-to-snowflake-pipeline"
          },
          "private": "bnVsbA==",
          "dependencies": [
            "module.lambda.aws_cloudwatch_log_group.lambda",
            "module.lambda.aws_iam_role.lambda",
            "module.lambda.data.aws_arn.log_group_arn",
            "module.lambda.data.aws_cloudwatch_log_group.lambda",
            "module.lambda.data.aws_iam_policy_document.assume_role",
            "module.lambda.data.aws_iam_policy_document.logs"
          ],
          "create_before_destroy": true
        },
        {
          "index_key": 0,
          "deposed": "ac168895",
          "schema_version": 0,
          "attributes": {
            "id": "pedestrian-counting-poller:pedestrian-counting-poller-logs",
            "name": "pedestrian-counting-poller-logs",
            "name_prefix": "",
            "policy": "{\"Version\":\"2012-10-17\",\"Statement\":[{\"Action\":[\"logs:PutLogEvents\",\"logs:CreateLogStream\",\"logs:CreateLogGroup\"],\"Effect\":\"Allow\",\"Resource\":[\"arn:aws:logs:us-east-2:546208175355:log-group:/aws/lambda/pedestrian-counting-poller:*:*\",\"arn:aws:logs:us-east-2:546208175355:log-group:/aws/lambda/pedestrian-counting-poller:*\"]}]}",
            "role": "pedestrian-counting-poller"
          },
          "sensitive_attributes": [],
          "identity_schema_version": 0,
          "identity": {
            "account_id": "546208175355",
            "name": "pedestrian-counting-poller-logs",
            "role": "pedestrian-counting-poller"
          },
          "private": "bnVsbA==",
          "dependencies": [
            "module.lambda.aws_cloudwatch_log_group.lambda",
            "module.lambda.aws_iam_role.lambda",
            "module.lambda.data.aws_arn.log_group_arn",
            "module.lambda.data.aws_cloudwatch_log_group.lambda",
            "module.lambda.data.aws_iam_policy_document.assume_role",
            "module.lambda.data.aws_iam_policy_document.logs"
          ],
          "create_before_destroy": true
        }
      ]
    },
    {
      "module": "module.lambda",
      "mode": "managed",
      "type": "aws_iam_role_policy",
      "name": "tracing",
      "provider": "provider[\"registry.terraform.io/hashicorp/aws\"]",
      "instances": []
    },
    {
      "module": "module.lambda",
      "mode": "managed",
      "type": "aws_iam_role_policy",
      "name": "vpc",
      "provider": "provider[\"registry.terraform.io/hashicorp/aws\"]",
      "instances": []
    },
    {
      "module": "module.lambda",
      "mode": "managed",
      "type": "aws_iam_role_policy_attachment",
      "name": "additional_many",
      "provider": "provider[\"registry.terraform.io/hashicorp/aws\"]",
      "instances": []
    },
    {
      "module": "module.lambda",
      "mode": "managed",
      "type": "aws_iam_role_policy_attachment",
      "name": "additional_one",
      "provider": "provider[\"registry.terraform.io/hashicorp/aws\"]",
      "instances": []
    },
    {
      "module": "module.lambda",
      "mode": "managed",
      "type": "aws_lambda_function",
      "name": "this",
      "provider": "provider[\"registry.terraform.io/hashicorp/aws\"]",
      "instances": [
        {
          "index_key": 0,
          "schema_version": 0,
          "attributes": {
            "architectures": [
              "x86_64"
            ],
            "arn": "arn:aws:lambda:us-east-2:546208175355:function:pedestrian-counting-poller",
            "capacity_provider_config": [],
            "code_sha256": "TZyALjRznaIsQAz2sWEkEvaft7QiHBeOpGoVTr/Uwh8=",
            "code_signing_config_arn": "",
            "dead_letter_config": [],
            "description": "Polls Melbourne OpenDataSoft pedestrian counting API",
            "durable_config": [],
            "environment": [],
            "ephemeral_storage": [
              {
                "size": 512
              }
            ],
            "file_system_config": [],
            "filename": "builds/cf2f292957efb2d4facfe4200c0a02e8a932813c866dddb35f746201d6e44b01.zip",
            "function_name": "pedestrian-counting-poller",
            "handler": "handler.lambda_handler",
            "id": "pedestrian-counting-poller",
            "image_config": [],
            "image_uri": "",
            "invoke_arn": "arn:aws:apigateway:us-east-2:lambda:path/2015-03-31/functions/arn:aws:lambda:us-east-2:546208175355:function:pedestrian-counting-poller/invocations",
            "kms_key_arn": "",
            "last_modified": "2026-05-28T13:38:58.000+0000",
            "layers": [
              "arn:aws:lambda:us-east-2:546208175355:layer:pedestrian-snowflake-connector-python:1"
            ],
            "logging_config": [
              {
                "application_log_level": "",
                "log_format": "Text",
                "log_group": "/aws/lambda/pedestrian-counting-poller",
                "system_log_level": ""
              }
            ],
            "memory_size": 128,
            "package_type": "Zip",
            "publish": false,
            "publish_to": null,
            "qualified_arn": "arn:aws:lambda:us-east-2:546208175355:function:pedestrian-counting-poller:$LATEST",
            "qualified_invoke_arn": "arn:aws:apigateway:us-east-2:lambda:path/2015-03-31/functions/arn:aws:lambda:us-east-2:546208175355:function:pedestrian-counting-poller:$LATEST/invocations",
            "region": "us-east-2",
            "replace_security_groups_on_destroy": null,
            "replacement_security_group_ids": null,
            "reserved_concurrent_executions": -1,
            "response_streaming_invoke_arn": "arn:aws:apigateway:us-east-2:lambda:path/2021-11-15/functions/arn:aws:lambda:us-east-2:546208175355:function:pedestrian-counting-poller/response-streaming-invocations",
            "role": "arn:aws:iam::546208175355:role/pedestrian-counting-poller",
            "runtime": "python3.12",
            "s3_bucket": null,
            "s3_key": null,
            "s3_object_version": null,
            "signing_job_arn": "",
            "signing_profile_version_arn": "",
            "skip_destroy": false,
            "snap_start": [],
            "source_code_hash": "TZyALjRznaIsQAz2sWEkEvaft7QiHBeOpGoVTr/Uwh8=",
            "source_code_size": 4850,
            "source_kms_key_arn": "",
            "tags": {},
            "tags_all": {},
            "tenancy_config": [],
            "timeout": 60,
            "timeouts": null,
            "tracing_config": [
              {
                "mode": "PassThrough"
              }
            ],
            "version": "$LATEST",
            "vpc_config": []
          },
          "sensitive_attributes": [],
          "identity_schema_version": 0,
          "identity": {
            "account_id": "546208175355",
            "function_name": "pedestrian-counting-poller",
            "region": "us-east-2"
          },
          "private": "eyJlMmJmYjczMC1lY2FhLTExZTYtOGY4OC0zNDM2M2JjN2M0YzAiOnsiY3JlYXRlIjo2MDAwMDAwMDAwMDAsImRlbGV0ZSI6NjAwMDAwMDAwMDAwLCJ1cGRhdGUiOjYwMDAwMDAwMDAwMH19",
          "dependencies": [
            "module.lambda.aws_cloudwatch_log_group.lambda",
            "module.lambda.aws_iam_role.lambda",
            "module.lambda.aws_iam_role_policy.additional_inline",
            "module.lambda.aws_iam_role_policy.additional_json",
            "module.lambda.aws_iam_role_policy.additional_jsons",
            "module.lambda.aws_iam_role_policy.async",
            "module.lambda.aws_iam_role_policy.dead_letter",
            "module.lambda.aws_iam_role_policy.logs",
            "module.lambda.aws_iam_role_policy.tracing",
            "module.lambda.aws_iam_role_policy.vpc",
            "module.lambda.aws_iam_role_policy_attachment.additional_many",
            "module.lambda.aws_iam_role_policy_attachment.additional_one",
            "module.lambda.aws_s3_object.lambda_package",
            "module.lambda.data.aws_arn.log_group_arn",
            "module.lambda.data.aws_cloudwatch_log_group.lambda",
            "module.lambda.data.aws_iam_policy.tracing",
            "module.lambda.data.aws_iam_policy.vpc",
            "module.lambda.data.aws_iam_policy_document.additional_inline",
            "module.lambda.data.aws_iam_policy_document.assume_role",
            "module.lambda.data.aws_iam_policy_document.async",
            "module.lambda.data.aws_iam_policy_document.dead_letter",
            "module.lambda.data.aws_iam_policy_document.logs",
            "module.lambda.data.aws_partition.current",
            "module.lambda.data.external.archive_prepare",
            "module.lambda.local_file.archive_plan",
            "module.lambda.null_resource.archive",
            "module.lambda.terraform_data.package_filename_for_hash",
            "module.lambda_layer_python_packages.aws_lambda_layer_version.this",
            "module.lambda_layer_python_packages.aws_s3_object.lambda_package",
            "module.lambda_layer_python_packages.data.external.archive_prepare",
            "module.lambda_layer_python_packages.local_file.archive_plan",
            "module.lambda_layer_python_packages.null_resource.archive",
            "module.lambda_layer_python_packages.terraform_data.package_filename_for_hash"
          ],
          "create_before_destroy": true
        }
      ]
    },
    {
      "module": "module.lambda",
      "mode": "managed",
      "type": "aws_lambda_layer_version",
      "name": "this",
      "provider": "provider[\"registry.terraform.io/hashicorp/aws\"]",
      "instances": []
    },
    {
      "module": "module.lambda",
      "mode": "managed",
      "type": "aws_lambda_permission",
      "name": "unqualified_alias_triggers",
      "provider": "provider[\"registry.terraform.io/hashicorp/aws\"]",
      "instances": [
        {
          "index_key": "PedestrianPollRule",
          "schema_version": 0,
          "attributes": {
            "action": "lambda:InvokeFunction",
            "event_source_token": null,
            "function_name": "pedestrian-counting-poller",
            "function_url_auth_type": null,
            "id": "PedestrianPollRule20260523111607659600000001",
            "invoked_via_function_url": null,
            "principal": "events.amazonaws.com",
            "principal_org_id": null,
            "qualifier": "",
            "region": "us-east-2",
            "source_account": null,
            "source_arn": "arn:aws:events:us-east-2:546208175355:rule/pedestrian-poll-rule",
            "statement_id": "PedestrianPollRule20260523111607659600000001",
            "statement_id_prefix": "PedestrianPollRule"
          },
          "sensitive_attributes": [],
          "identity_schema_version": 0,
          "identity": {
            "account_id": "546208175355",
            "function_name": "pedestrian-counting-poller",
            "qualifier": null,
            "region": "us-east-2",
            "statement_id": "PedestrianPollRule20260523111607659600000001"
          },
          "private": "bnVsbA==",
          "dependencies": [
            "module.eventbridge.aws_cloudwatch_event_bus.this",
            "module.eventbridge.aws_cloudwatch_event_rule.this",
            "module.eventbridge.aws_iam_role.eventbridge",
            "module.eventbridge.data.aws_iam_policy_document.assume_role",
            "module.lambda.aws_cloudwatch_log_group.lambda",
            "module.lambda.aws_iam_role.lambda",
            "module.lambda.aws_iam_role_policy.additional_inline",
            "module.lambda.aws_iam_role_policy.additional_json",
            "module.lambda.aws_iam_role_policy.additional_jsons",
            "module.lambda.aws_iam_role_policy.async",
            "module.lambda.aws_iam_role_policy.dead_letter",
            "module.lambda.aws_iam_role_policy.logs",
            "module.lambda.aws_iam_role_policy.tracing",
            "module.lambda.aws_iam_role_policy.vpc",
            "module.lambda.aws_iam_role_policy_attachment.additional_many",
            "module.lambda.aws_iam_role_policy_attachment.additional_one",
            "module.lambda.aws_lambda_function.this",
            "module.lambda.aws_s3_object.lambda_package",
            "module.lambda.data.aws_arn.log_group_arn",
            "module.lambda.data.aws_cloudwatch_log_group.lambda",
            "module.lambda.data.aws_iam_policy.tracing",
            "module.lambda.data.aws_iam_policy.vpc",
            "module.lambda.data.aws_iam_policy_document.additional_inline",
            "module.lambda.data.aws_iam_policy_document.assume_role",
            "module.lambda.data.aws_iam_policy_document.async",
            "module.lambda.data.aws_iam_policy_document.dead_letter",
            "module.lambda.data.aws_iam_policy_document.logs",
            "module.lambda.data.aws_partition.current",
            "module.lambda.data.external.archive_prepare",
            "module.lambda.local_file.archive_plan",
            "module.lambda.null_resource.archive",
            "module.lambda.terraform_data.package_filename_for_hash",
            "module.lambda_layer_python_packages.aws_lambda_layer_version.this",
            "module.lambda_layer_python_packages.aws_s3_object.lambda_package",
            "module.lambda_layer_python_packages.data.external.archive_prepare",
            "module.lambda_layer_python_packages.local_file.archive_plan",
            "module.lambda_layer_python_packages.null_resource.archive",
            "module.lambda_layer_python_packages.terraform_data.package_filename_for_hash"
          ],
          "create_before_destroy": true
        }
      ]
    },
    {
      "module": "module.lambda",
      "mode": "managed",
      "type": "aws_s3_object",
      "name": "lambda_package",
      "provider": "provider[\"registry.terraform.io/hashicorp/aws\"]",
      "instances": []
    },
    {
      "module": "module.lambda",
      "mode": "managed",
      "type": "local_file",
      "name": "archive_plan",
      "provider": "provider[\"registry.terraform.io/hashicorp/local\"]",
      "instances": [
        {
          "index_key": 0,
          "schema_version": 0,
          "attributes": {
            "content": "{\"filename\": \"builds/877a479e44aeaf945a5dc60fe0b6cf3ff9bde5d7947d1258816d26dcdf5a1dbe.zip\", \"runtime\": \"python3.12\", \"artifacts_dir\": \"builds\", \"build_plan\": [[[\"pip\", \"python3.12\", \"../../../lambda/requirements.txt\", null, null], [\"zip\", \"../../../lambda\", null]]], \"quiet\": \"true\"}",
            "content_base64": null,
            "content_base64sha256": "WgozE+GPof1VzagWfjlfUhFKHzEPHenT7u/PSYhN/2s=",
            "content_base64sha512": "ahS5XA4okvDZWN86RQuN1LWMgu/NjVcun9KTJ7NQBhZ/3VjwevSNcs15LvPnCtazp8ZgUPus16qz8lTvfxKC1A==",
            "content_md5": "81c5ee2f0d5d4abbe0d39cde96626ace",
            "content_sha1": "ac82b412e671978f1fd1393288292ef1900ea029",
            "content_sha256": "5a0a3313e18fa1fd55cda8167e395f52114a1f310f1de9d3eeefcf49884dff6b",
            "content_sha512": "6a14b95c0e2892f0d958df3a450b8dd4b58c82efcd8d572e9fd29327b35006167fdd58f07af48d72cd792ef3e70ad6b3a7c66050fbacd7aab3f254ef7f1282d4",
            "directory_permission": "0755",
            "file_permission": "0644",
            "filename": "builds/877a479e44aeaf945a5dc60fe0b6cf3ff9bde5d7947d1258816d26dcdf5a1dbe.plan.json",
            "id": "ac82b412e671978f1fd1393288292ef1900ea029",
            "sensitive_content": null,
            "source": null
          },
          "sensitive_attributes": [
            [
              {
                "type": "get_attr",
                "value": "content"
              }
            ],
            [
              {
                "type": "get_attr",
                "value": "sensitive_content"
              }
            ]
          ],
          "identity_schema_version": 0,
          "dependencies": [
            "module.lambda.data.external.archive_prepare"
          ],
          "create_before_destroy": true
        },
        {
          "index_key": 0,
          "deposed": "0c6aa847",
          "schema_version": 0,
          "attributes": {
            "content": "{\"filename\": \"builds/cf2f292957efb2d4facfe4200c0a02e8a932813c866dddb35f746201d6e44b01.zip\", \"runtime\": \"python3.12\", \"artifacts_dir\": \"builds\", \"build_plan\": [[[\"zip\", \"../../../lambda\", null]]], \"quiet\": \"true\"}",
            "content_base64": null,
            "content_base64sha256": "1qHDkEh/y3fUDefD2HPO7sHRGOrDfsQS8DxuOUV1hFE=",
            "content_base64sha512": "YcqMobtoKOMJAHaV+uNbqD/KfCBVmRqxNujQwxyO6gndP97tdNnpnEsN7g8wZDFhxNLl2df4NJT8rBBslS0l8A==",
            "content_md5": "9de20d23fd42fdb35f81de16443861b3",
            "content_sha1": "e1225ffb5730f77b7c0efe6fad212ebad8c9edf1",
            "content_sha256": "d6a1c390487fcb77d40de7c3d873ceeec1d118eac37ec412f03c6e3945758451",
            "content_sha512": "61ca8ca1bb6828e309007695fae35ba83fca7c2055991ab136e8d0c31c8eea09dd3fdeed74d9e99c4b0dee0f30643161c4d2e5d9d7f83494fcac106c952d25f0",
            "directory_permission": "0755",
            "file_permission": "0644",
            "filename": "builds/cf2f292957efb2d4facfe4200c0a02e8a932813c866dddb35f746201d6e44b01.plan.json",
            "id": "e1225ffb5730f77b7c0efe6fad212ebad8c9edf1",
            "sensitive_content": null,
            "source": null
          },
          "sensitive_attributes": [
            [
              {
                "type": "get_attr",
                "value": "content"
              }
            ],
            [
              {
                "type": "get_attr",
                "value": "sensitive_content"
              }
            ]
          ],
          "identity_schema_version": 0,
          "dependencies": [
            "module.lambda.data.external.archive_prepare"
          ],
          "create_before_destroy": true
        }
      ]
    },
    {
      "module": "module.lambda",
      "mode": "managed",
      "type": "null_resource",
      "name": "archive",
      "provider": "provider[\"registry.terraform.io/hashicorp/null\"]",
      "instances": [
        {
          "index_key": 0,
          "schema_version": 0,
          "attributes": {
            "id": "4494867928877206971",
            "triggers": {
              "filename": "builds/877a479e44aeaf945a5dc60fe0b6cf3ff9bde5d7947d1258816d26dcdf5a1dbe.zip",
              "timestamp": "1779975491089869000"
            }
          },
          "sensitive_attributes": [],
          "identity_schema_version": 0,
          "dependencies": [
            "module.lambda.data.external.archive_prepare",
            "module.lambda.local_file.archive_plan"
          ],
          "create_before_destroy": true
        },
        {
          "index_key": 0,
          "deposed": "3fb6f213",
          "schema_version": 0,
          "attributes": {
            "id": "7995729502665510255",
            "triggers": {
              "filename": "builds/cf2f292957efb2d4facfe4200c0a02e8a932813c866dddb35f746201d6e44b01.zip",
              "timestamp": "1779534914123147000"
            }
          },
          "sensitive_attributes": [],
          "identity_schema_version": 0,
          "dependencies": [
            "module.lambda.data.external.archive_prepare",
            "module.lambda.local_file.archive_plan"
          ],
          "create_before_destroy": true
        }
      ]
    },
    {
      "module": "module.lambda",
      "mode": "managed",
      "type": "null_resource",
      "name": "sam_metadata_aws_lambda_function",
      "provider": "provider[\"registry.terraform.io/hashicorp/null\"]",
      "instances": []
    },
    {
      "module": "module.lambda",
      "mode": "managed",
      "type": "null_resource",
      "name": "sam_metadata_aws_lambda_layer_version",
      "provider": "provider[\"registry.terraform.io/hashicorp/null\"]",
      "instances": []
    },
    {
      "module": "module.lambda",
      "mode": "managed",
      "type": "terraform_data",
      "name": "package_filename_for_hash",
      "provider": "provider[\"terraform.io/builtin/terraform\"]",
      "instances": [
        {
          "index_key": 0,
          "schema_version": 0,
          "attributes": {
            "id": "772b66c1-ab3c-3544-1085-131ccff7c517",
            "input": {
              "value": {
                "filename": "builds/877a479e44aeaf945a5dc60fe0b6cf3ff9bde5d7947d1258816d26dcdf5a1dbe.zip"
              },
              "type": [
                "object",
                {
                  "filename": "string"
                }
              ]
            },
            "output": {
              "value": {
                "filename": "builds/877a479e44aeaf945a5dc60fe0b6cf3ff9bde5d7947d1258816d26dcdf5a1dbe.zip"
              },
              "type": [
                "object",
                {
                  "filename": "string"
                }
              ]
            },
            "triggers_replace": {
              "value": [
                "builds/877a479e44aeaf945a5dc60fe0b6cf3ff9bde5d7947d1258816d26dcdf5a1dbe.zip"
              ],
              "type": [
                "tuple",
                [
                  "string"
                ]
              ]
            }
          },
          "sensitive_attributes": [],
          "identity_schema_version": 0,
          "dependencies": [
            "module.lambda.data.external.archive_prepare",
            "module.lambda.local_file.archive_plan",
            "module.lambda.null_resource.archive"
          ],
          "create_before_destroy": true
        },
        {
          "index_key": 0,
          "deposed": "41e09a3e",
          "schema_version": 0,
          "attributes": {
            "id": "04430672-7264-9699-008b-35d801f38314",
            "input": {
              "value": {
                "filename": "builds/cf2f292957efb2d4facfe4200c0a02e8a932813c866dddb35f746201d6e44b01.zip"
              },
              "type": [
                "object",
                {
                  "filename": "string"
                }
              ]
            },
            "output": {
              "value": {
                "filename": "builds/cf2f292957efb2d4facfe4200c0a02e8a932813c866dddb35f746201d6e44b01.zip"
              },
              "type": [
                "object",
                {
                  "filename": "string"
                }
              ]
            },
            "triggers_replace": {
              "value": [
                "builds/cf2f292957efb2d4facfe4200c0a02e8a932813c866dddb35f746201d6e44b01.zip"
              ],
              "type": [
                "tuple",
                [
                  "string"
                ]
              ]
            }
          },
          "sensitive_attributes": [],
          "identity_schema_version": 0,
          "dependencies": [
            "module.lambda.data.external.archive_prepare",
            "module.lambda.local_file.archive_plan",
            "module.lambda.null_resource.archive"
          ],
          "create_before_destroy": true
        }
      ]
    },
    {
      "module": "module.lambda_layer_python_packages",
      "mode": "data",
      "type": "aws_arn",
      "name": "log_group_arn",
      "provider": "provider[\"registry.terraform.io/hashicorp/aws\"]",
      "instances": []
    },
    {
      "module": "module.lambda_layer_python_packages",
      "mode": "data",
      "type": "aws_caller_identity",
      "name": "current",
      "provider": "provider[\"registry.terraform.io/hashicorp/aws\"]",
      "instances": [
        {
          "schema_version": 0,
          "attributes": {
            "account_id": "546208175355",
            "arn": "arn:aws:iam::546208175355:root",
            "id": "546208175355",
            "user_id": "546208175355"
          },
          "sensitive_attributes": [],
          "identity_schema_version": 0
        }
      ]
    },
    {
      "module": "module.lambda_layer_python_packages",
      "mode": "data",
      "type": "aws_cloudwatch_log_group",
      "name": "lambda",
      "provider": "provider[\"registry.terraform.io/hashicorp/aws\"]",
      "instances": []
    },
    {
      "module": "module.lambda_layer_python_packages",
      "mode": "data",
      "type": "aws_iam_policy",
      "name": "tracing",
      "provider": "provider[\"registry.terraform.io/hashicorp/aws\"]",
      "instances": []
    },
    {
      "module": "module.lambda_layer_python_packages",
      "mode": "data",
      "type": "aws_iam_policy",
      "name": "vpc",
      "provider": "provider[\"registry.terraform.io/hashicorp/aws\"]",
      "instances": []
    },
    {
      "module": "module.lambda_layer_python_packages",
      "mode": "data",
      "type": "aws_iam_policy_document",
      "name": "additional_inline",
      "provider": "provider[\"registry.terraform.io/hashicorp/aws\"]",
      "instances": []
    },
    {
      "module": "module.lambda_layer_python_packages",
      "mode": "data",
      "type": "aws_iam_policy_document",
      "name": "assume_role",
      "provider": "provider[\"registry.terraform.io/hashicorp/aws\"]",
      "instances": []
    },
    {
      "module": "module.lambda_layer_python_packages",
      "mode": "data",
      "type": "aws_iam_policy_document",
      "name": "async",
      "provider": "provider[\"registry.terraform.io/hashicorp/aws\"]",
      "instances": []
    },
    {
      "module": "module.lambda_layer_python_packages",
      "mode": "data",
      "type": "aws_iam_policy_document",
      "name": "dead_letter",
      "provider": "provider[\"registry.terraform.io/hashicorp/aws\"]",
      "instances": []
    },
    {
      "module": "module.lambda_layer_python_packages",
      "mode": "data",
      "type": "aws_iam_policy_document",
      "name": "logs",
      "provider": "provider[\"registry.terraform.io/hashicorp/aws\"]",
      "instances": []
    },
    {
      "module": "module.lambda_layer_python_packages",
      "mode": "data",
      "type": "aws_partition",
      "name": "current",
      "provider": "provider[\"registry.terraform.io/hashicorp/aws\"]",
      "instances": [
        {
          "schema_version": 0,
          "attributes": {
            "dns_suffix": "amazonaws.com",
            "id": "aws",
            "partition": "aws",
            "reverse_dns_prefix": "com.amazonaws"
          },
          "sensitive_attributes": [],
          "identity_schema_version": 0
        }
      ]
    },
    {
      "module": "module.lambda_layer_python_packages",
      "mode": "data",
      "type": "aws_region",
      "name": "current",
      "provider": "provider[\"registry.terraform.io/hashicorp/aws\"]",
      "instances": [
        {
          "schema_version": 0,
          "attributes": {
            "description": "US East (Ohio)",
            "endpoint": "ec2.us-east-2.amazonaws.com",
            "id": "us-east-2",
            "name": "us-east-2",
            "region": "us-east-2"
          },
          "sensitive_attributes": [],
          "identity_schema_version": 0
        }
      ]
    },
    {
      "module": "module.lambda_layer_python_packages",
      "mode": "data",
      "type": "external",
      "name": "archive_prepare",
      "provider": "provider[\"registry.terraform.io/hashicorp/external\"]",
      "instances": [
        {
          "index_key": 0,
          "schema_version": 0,
          "attributes": {
            "id": "-",
            "program": [
              "python3",
              ".terraform/modules/lambda_layer_python_packages/package.py",
              "prepare"
            ],
            "query": {
              "artifacts_dir": "builds",
              "docker": null,
              "hash_extra": "",
              "hash_internal": "[\"eadf00000bd002258fe264981f05a7125cce4d9860ee10a9f817d05fb67b4aa9\"]",
              "paths": "{\"cwd\":\"/home/case/repos/melbourne-pedestrian-data-pipeline/terraform/environments/prod\",\"module\":\".terraform/modules/lambda_layer_python_packages\",\"root\":\".\"}",
              "quiet": "true",
              "recreate_missing_package": "true",
              "runtime": "",
              "source_path": "[{\"path\":\"./../../../lambda/requirements.txt\",\"pip_requirements\":true}]"
            },
            "result": {
              "build_plan": "{\"filename\": \"builds/aad751fc874f2b61185c830ec196df9b447b6c88e1c34c06c4686fb9768548b7.zip\", \"runtime\": \"\", \"artifacts_dir\": \"builds\", \"build_plan\": [[[\"zip\", \"../../../lambda/requirements.txt\", null]]], \"quiet\": \"true\"}",
              "build_plan_filename": "builds/aad751fc874f2b61185c830ec196df9b447b6c88e1c34c06c4686fb9768548b7.plan.json",
              "filename": "builds/aad751fc874f2b61185c830ec196df9b447b6c88e1c34c06c4686fb9768548b7.zip",
              "timestamp": "1779975490538630000"
            },
            "working_dir": null
          },
          "sensitive_attributes": [],
          "identity_schema_version": 0
        }
      ]
    },
    {
      "module": "module.lambda_layer_python_packages",
      "mode": "managed",
      "type": "aws_cloudwatch_log_group",
      "name": "lambda",
      "provider": "provider[\"registry.terraform.io/hashicorp/aws\"]",
      "instances": []
    },
    {
      "module": "module.lambda_layer_python_packages",
      "mode": "managed",
      "type": "aws_iam_role",
      "name": "lambda",
      "provider": "provider[\"registry.terraform.io/hashicorp/aws\"]",
      "instances": []
    },
    {
      "module": "module.lambda_layer_python_packages",
      "mode": "managed",
      "type": "aws_iam_role_policy",
      "name": "additional_inline",
      "provider": "provider[\"registry.terraform.io/hashicorp/aws\"]",
      "instances": []
    },
    {
      "module": "module.lambda_layer_python_packages",
      "mode": "managed",
      "type": "aws_iam_role_policy",
      "name": "additional_json",
      "provider": "provider[\"registry.terraform.io/hashicorp/aws\"]",
      "instances": []
    },
    {
      "module": "module.lambda_layer_python_packages",
      "mode": "managed",
      "type": "aws_iam_role_policy",
      "name": "additional_jsons",
      "provider": "provider[\"registry.terraform.io/hashicorp/aws\"]",
      "instances": []
    },
    {
      "module": "module.lambda_layer_python_packages",
      "mode": "managed",
      "type": "aws_iam_role_policy",
      "name": "async",
      "provider": "provider[\"registry.terraform.io/hashicorp/aws\"]",
      "instances": []
    },
    {
      "module": "module.lambda_layer_python_packages",
      "mode": "managed",
      "type": "aws_iam_role_policy",
      "name": "dead_letter",
      "provider": "provider[\"registry.terraform.io/hashicorp/aws\"]",
      "instances": []
    },
    {
      "module": "module.lambda_layer_python_packages",
      "mode": "managed",
      "type": "aws_iam_role_policy",
      "name": "logs",
      "provider": "provider[\"registry.terraform.io/hashicorp/aws\"]",
      "instances": []
    },
    {
      "module": "module.lambda_layer_python_packages",
      "mode": "managed",
      "type": "aws_iam_role_policy",
      "name": "tracing",
      "provider": "provider[\"registry.terraform.io/hashicorp/aws\"]",
      "instances": []
    },
    {
      "module": "module.lambda_layer_python_packages",
      "mode": "managed",
      "type": "aws_iam_role_policy",
      "name": "vpc",
      "provider": "provider[\"registry.terraform.io/hashicorp/aws\"]",
      "instances": []
    },
    {
      "module": "module.lambda_layer_python_packages",
      "mode": "managed",
      "type": "aws_iam_role_policy_attachment",
      "name": "additional_many",
      "provider": "provider[\"registry.terraform.io/hashicorp/aws\"]",
      "instances": []
    },
    {
      "module": "module.lambda_layer_python_packages",
      "mode": "managed",
      "type": "aws_iam_role_policy_attachment",
      "name": "additional_one",
      "provider": "provider[\"registry.terraform.io/hashicorp/aws\"]",
      "instances": []
    },
    {
      "module": "module.lambda_layer_python_packages",
      "mode": "managed",
      "type": "aws_lambda_event_source_mapping",
      "name": "this",
      "provider": "provider[\"registry.terraform.io/hashicorp/aws\"]",
      "instances": []
    },
    {
      "module": "module.lambda_layer_python_packages",
      "mode": "managed",
      "type": "aws_lambda_function",
      "name": "this",
      "provider": "provider[\"registry.terraform.io/hashicorp/aws\"]",
      "instances": []
    },
    {
      "module": "module.lambda_layer_python_packages",
      "mode": "managed",
      "type": "aws_lambda_function_event_invoke_config",
      "name": "this",
      "provider": "provider[\"registry.terraform.io/hashicorp/aws\"]",
      "instances": []
    },
    {
      "module": "module.lambda_layer_python_packages",
      "mode": "managed",
      "type": "aws_lambda_function_recursion_config",
      "name": "this",
      "provider": "provider[\"registry.terraform.io/hashicorp/aws\"]",
      "instances": []
    },
    {
      "module": "module.lambda_layer_python_packages",
      "mode": "managed",
      "type": "aws_lambda_function_url",
      "name": "this",
      "provider": "provider[\"registry.terraform.io/hashicorp/aws\"]",
      "instances": []
    },
    {
      "module": "module.lambda_layer_python_packages",
      "mode": "managed",
      "type": "aws_lambda_layer_version",
      "name": "this",
      "provider": "provider[\"registry.terraform.io/hashicorp/aws\"]",
      "instances": [
        {
          "index_key": 0,
          "schema_version": 0,
          "attributes": {
            "arn": "arn:aws:lambda:us-east-2:546208175355:layer:pedestrian-snowflake-connector-python:1",
            "code_sha256": "xmvOUlxISdGQqkTjX8vM92UKVJzVMlcFOu8iTNp79+k=",
            "compatible_architectures": [],
            "compatible_runtimes": [
              "python3.12"
            ],
            "created_date": "2026-05-28T13:38:25.734+0000",
            "description": "Lambda layer containing snowflake-connector-python",
            "filename": "builds/aad751fc874f2b61185c830ec196df9b447b6c88e1c34c06c4686fb9768548b7.zip",
            "id": "arn:aws:lambda:us-east-2:546208175355:layer:pedestrian-snowflake-connector-python:1",
            "layer_arn": "arn:aws:lambda:us-east-2:546208175355:layer:pedestrian-snowflake-connector-python",
            "layer_name": "pedestrian-snowflake-connector-python",
            "license_info": "",
            "region": "us-east-2",
            "s3_bucket": null,
            "s3_key": null,
            "s3_object_version": null,
            "signing_job_arn": "",
            "signing_profile_version_arn": "",
            "skip_destroy": false,
            "source_code_hash": "xmvOUlxISdGQqkTjX8vM92UKVJzVMlcFOu8iTNp79+k=",
            "source_code_size": 185,
            "version": "1"
          },
          "sensitive_attributes": [],
          "identity_schema_version": 0,
          "identity": {
            "account_id": "546208175355",
            "layer_name": "pedestrian-snowflake-connector-python",
            "region": "us-east-2",
            "version": "1"
          },
          "private": "bnVsbA==",
          "dependencies": [
            "module.lambda_layer_python_packages.aws_s3_object.lambda_package",
            "module.lambda_layer_python_packages.data.external.archive_prepare",
            "module.lambda_layer_python_packages.local_file.archive_plan",
            "module.lambda_layer_python_packages.null_resource.archive",
            "module.lambda_layer_python_packages.terraform_data.package_filename_for_hash"
          ],
          "create_before_destroy": true
        }
      ]
    },
    {
      "module": "module.lambda_layer_python_packages",
      "mode": "managed",
      "type": "aws_lambda_permission",
      "name": "current_version_triggers",
      "provider": "provider[\"registry.terraform.io/hashicorp/aws\"]",
      "instances": []
    },
    {
      "module": "module.lambda_layer_python_packages",
      "mode": "managed",
      "type": "aws_lambda_permission",
      "name": "unqualified_alias_triggers",
      "provider": "provider[\"registry.terraform.io/hashicorp/aws\"]",
      "instances": []
    },
    {
      "module": "module.lambda_layer_python_packages",
      "mode": "managed",
      "type": "aws_lambda_provisioned_concurrency_config",
      "name": "current_version",
      "provider": "provider[\"registry.terraform.io/hashicorp/aws\"]",
      "instances": []
    },
    {
      "module": "module.lambda_layer_python_packages",
      "mode": "managed",
      "type": "aws_s3_object",
      "name": "lambda_package",
      "provider": "provider[\"registry.terraform.io/hashicorp/aws\"]",
      "instances": []
    },
    {
      "module": "module.lambda_layer_python_packages",
      "mode": "managed",
      "type": "local_file",
      "name": "archive_plan",
      "provider": "provider[\"registry.terraform.io/hashicorp/local\"]",
      "instances": [
        {
          "index_key": 0,
          "schema_version": 0,
          "attributes": {
            "content": "{\"filename\": \"builds/aad751fc874f2b61185c830ec196df9b447b6c88e1c34c06c4686fb9768548b7.zip\", \"runtime\": \"\", \"artifacts_dir\": \"builds\", \"build_plan\": [[[\"zip\", \"../../../lambda/requirements.txt\", null]]], \"quiet\": \"true\"}",
            "content_base64": null,
            "content_base64sha256": "wYYkR5zp+t8/aaICjO4FBAnASS3pV3J2Iwt+NZDxzdo=",
            "content_base64sha512": "BBoPWnGYZv9YBabO59FKS2MsJ+t+a3jnZpzDaC1o0DTrPK6RABSbrG1QlF9DPEbaM3+ecXbfu4hIQYW5gw5NTw==",
            "content_md5": "4615bf3e758b1b344fdda11e3454de0d",
            "content_sha1": "68936e200a089ce6fed452d45bc38603b3d56272",
            "content_sha256": "c18624479ce9fadf3f69a2028cee050409c0492de9577276230b7e3590f1cdda",
            "content_sha512": "041a0f5a719866ff5805a6cee7d14a4b632c27eb7e6b78e7669cc3682d68d034eb3cae9100149bac6d50945f433c46da337f9e7176dfbb88484185b9830e4d4f",
            "directory_permission": "0755",
            "file_permission": "0644",
            "filename": "builds/aad751fc874f2b61185c830ec196df9b447b6c88e1c34c06c4686fb9768548b7.plan.json",
            "id": "68936e200a089ce6fed452d45bc38603b3d56272",
            "sensitive_content": null,
            "source": null
          },
          "sensitive_attributes": [
            [
              {
                "type": "get_attr",
                "value": "content"
              }
            ],
            [
              {
                "type": "get_attr",
                "value": "sensitive_content"
              }
            ]
          ],
          "identity_schema_version": 0,
          "dependencies": [
            "module.lambda_layer_python_packages.data.external.archive_prepare"
          ],
          "create_before_destroy": true
        }
      ]
    },
    {
      "module": "module.lambda_layer_python_packages",
      "mode": "managed",
      "type": "null_resource",
      "name": "archive",
      "provider": "provider[\"registry.terraform.io/hashicorp/null\"]",
      "instances": [
        {
          "index_key": 0,
          "schema_version": 0,
          "attributes": {
            "id": "1354509957654540381",
            "triggers": {
              "filename": "builds/aad751fc874f2b61185c830ec196df9b447b6c88e1c34c06c4686fb9768548b7.zip",
              "timestamp": "1779975490538630000"
            }
          },
          "sensitive_attributes": [],
          "identity_schema_version": 0,
          "dependencies": [
            "module.lambda_layer_python_packages.data.external.archive_prepare",
            "module.lambda_layer_python_packages.local_file.archive_plan"
          ],
          "create_before_destroy": true
        }
      ]
    },
    {
      "module": "module.lambda_layer_python_packages",
      "mode": "managed",
      "type": "null_resource",
      "name": "sam_metadata_aws_lambda_function",
      "provider": "provider[\"registry.terraform.io/hashicorp/null\"]",
      "instances": []
    },
    {
      "module": "module.lambda_layer_python_packages",
      "mode": "managed",
      "type": "null_resource",
      "name": "sam_metadata_aws_lambda_layer_version",
      "provider": "provider[\"registry.terraform.io/hashicorp/null\"]",
      "instances": []
    },
    {
      "module": "module.lambda_layer_python_packages",
      "mode": "managed",
      "type": "terraform_data",
      "name": "package_filename_for_hash",
      "provider": "provider[\"terraform.io/builtin/terraform\"]",
      "instances": [
        {
          "index_key": 0,
          "schema_version": 0,
          "attributes": {
            "id": "148128e6-f7a7-edb0-f580-0f39bd6c1a06",
            "input": {
              "value": {
                "filename": "builds/aad751fc874f2b61185c830ec196df9b447b6c88e1c34c06c4686fb9768548b7.zip"
              },
              "type": [
                "object",
                {
                  "filename": "string"
                }
              ]
            },
            "output": {
              "value": {
                "filename": "builds/aad751fc874f2b61185c830ec196df9b447b6c88e1c34c06c4686fb9768548b7.zip"
              },
              "type": [
                "object",
                {
                  "filename": "string"
                }
              ]
            },
            "triggers_replace": {
              "value": [
                "builds/aad751fc874f2b61185c830ec196df9b447b6c88e1c34c06c4686fb9768548b7.zip"
              ],
              "type": [
                "tuple",
                [
                  "string"
                ]
              ]
            }
          },
          "sensitive_attributes": [],
          "identity_schema_version": 0,
          "dependencies": [
            "module.lambda_layer_python_packages.data.external.archive_prepare",
            "module.lambda_layer_python_packages.local_file.archive_plan",
            "module.lambda_layer_python_packages.null_resource.archive"
          ],
          "create_before_destroy": true
        }
      ]
    }
  ],
  "check_results": null
}
