{
  "version": 4,
  "terraform_version": "1.15.2",
  "serial": 90,
  "lineage": "28eb4803-af17-7036-cc02-12cd16c46cf9",
  "outputs": {
    "eventbridge_rule_arns": {
      "value": {
        "pedestrian_poll": "arn:aws:events:us-east-2:546208175355:rule/pedestrian-poll-rule"
      },
      "type": [
        "object",
        {
          "pedestrian_poll": "string"
        }
      ]
    },
    "lambda_function_arn": {
      "value": "arn:aws:lambda:us-east-2:546208175355:function:pedestrian-api-to-snowflake-pipeline",
      "type": "string"
    },
    "lambda_function_name": {
      "value": "pedestrian-api-to-snowflake-pipeline",
      "type": "string"
    }
  },
  "resources": [
    {
      "mode": "data",
      "type": "aws_caller_identity",
      "name": "current",
      "provider": "provider[\"registry.terraform.io/hashicorp/aws\"]",
      "instances": [
        {
          "schema_version": 0,
          "attributes": {
            "account_id": "546208175355",
            "arn": "arn:aws:iam::546208175355:root",
            "id": "546208175355",
            "user_id": "546208175355"
          },
          "sensitive_attributes": [],
          "identity_schema_version": 0
        }
      ]
    },
    {
      "mode": "data",
      "type": "aws_ecr_authorization_token",
      "name": "token",
      "provider": "provider[\"registry.terraform.io/hashicorp/aws\"]",
      "instances": [
        {
          "schema_version": 0,
          "attributes": {
            "authorization_token": "QVdTOmV5SndZWGxzYjJGa0lqb2lTVTVIZGtsUmNsQlFOa3RuWWpaWE1uTm5UV2hVUkc5TVVETm9VeTk1VVVwTVNXRk1ZVzB3UVVnck5tb3lRVzR6WVdGcFpXWXlaWGxDVUdKbmJXTk5Rek5hUWxCT01IRTVVVzV5YWtoYWRsQm1ZbVpWUzBkeVpHNXNSbXhhZVZGalNFTjRjM1l6UTBwUGNqVXlkU3RtWjAxbVNWZHBTRWR2Ykc5SFRERk1WVlJvTlcxVk5FeEpTVFo0WW5SNVFYRlhLMUZxUjFFMFVuZFlkM0JPVW5CM2JFUkpOa3BTVmpGMFRFOUJXVXhRVFhKNlNuRjRZMko2U2k5clRqRk1iVXRCS3k5UWMwZ3hjaklyWW5GV2RrcDVTMk5STWpBMVdqaHlLMXA1V25SQmEyVjZObVZvVlhCS1dHNUNUaXRUVTFVM1ZtVjZjV3A2ZVhoV2J6bENRelIyVDBZd1kzVjZaelZ5UlZOVGVXbzRZbVJxYnpCWVpVdExNRW81YlhwelVuY3ZSVGRsZVVWc1kxZHJVWFJGVTNwV2NXNW9NWGxoWTFwaUwyUjZXWEpVVHpaeWNUTmtXa2hWT1daWmFFZHNWbVZuWVdwemJUZGxaRzB6YW1adGR6aEphVEJ5ZUZaWlNVNTBjMlpCVlVKd2NDOW1hRkI0V2s1MVZURnhkV2x2UmxGUVNsZDVUMmR3UzNOU0wzUnBZV1JhZG1GWVdtWlZhVGt3U1hKMWRIRmtXVWhSVnpkSWN6UnVka001VmtvdmIweFZhbmhyVTNRM1FYcFliRVphVkVzck5qbEhZMHA1YUZZellVdEpjV1V5T1VFelNXaDBhelZEWVc5VlZVMW5XVk4zUXpGUFRHb3llVFYzWXpSMmVXaEdTR05wT0hvelFpOWhhMnBKUTB4blUzY3JLM2xuSzB4RlNuZ3JWSE0xZVhsQlRuRm9ZVFZvWlVsV2NYSlJSV2xqTjBRM1JHaE5UVU53YURkc2QwTlJVMkV2VGl0WWExbDNkbWhYTUc1MVdYWk1abEkyVjFZcmVYWTVlRkk0Y1hrNU9HdGxZMDQxUkVadVl6WTVaa3RvZERCd1lqWlRUWE5OVEdGV1IydEtkR3BwVkc5MWRsbzJWa05sUVRGVGJteE5SMVJSWVRkWFluRTFMMFpGVURKYU5tTjVNemRrY3pKdVdUZE1WVmxhVFc5aVQyWk1NREJNY0habWRXcG5iMXBJV25vMVp6VmFaVGxDWW14b2FXVTRhVUpxWnprckszRnJjbG92Wkc5R1QwRkNjSEZJU21GeU1WQXZUM2RKTkVsSk9UWTJkREJRT1RKcFNtdzRVWGRYTmpsMFltMHlVVU5yUkZKbmRYUmxWV001TWxwTllsRXlXRXg0UWxORVVDdFZRalJVZWsxUVREUlFiRWRTZVVGQ2VIWXZXRmhzWVhCYU9UazJWblptU2paeUsyWm5OMHczZFRobE5IWm5RakZMTUVoMVQxbzNWMjAwVVdnNU1VZHZObTh3UW5Ga2FYZFdOa3hXYURsVWFXTTRjbEJXYjJ4b1ZUaFRjVmhwTVc1TFVtTTFkblpRT1VOMVpVVk1abTl2YVZCVFpVOXRZV3BRYTB4UFlqQjBVbk5oU25sMVRIbFBNbEJwUWl0RFNIbzNhRFZPV214UlIwbFJRM2x2TjAxSVZVZFVTak5PZUd0V09YazBVWFpOWlZrMGMwWnBOSEJEVEhWWlpXeENOSFZ0V1hjNWFFcE5LelkwYW5CS1MwZDZaRGh2Y2l0UFJEZFNWalJLVEcxRGJVcHFRMFF3YlhBdlMycHRSalJMYkZoTGNsQnhXRnB0VUdwbWJHZHJaVGRFVW1WTGFHZzJja2xJTTI4Mk5XaDRLMHc0V1d0M2VFdDFNSFYzZFVOc1lXTTJNVkV3T1UxU01IZDVOWGREU0hSeVkzWnlTV0YxYXpKalkxTnVXWEUyVm5ab01rNUVUbFZhVFQwaUxDSmtZWFJoYTJWNUlqb2lRVkZGUWtGSWFrSTNMMmxuZDAxbk5FNVFkMkYxY25oVFNWbDRORWhtYm5oMVIyTXZORGhpUkhkMmQwUndUbGxYV21kQlFVRklOSGRtUVZsS1MyOWFTV2gyWTA1QlVXTkhiMGM0ZDJKUlNVSkJSRUp2UW1kcmNXaHJhVWM1ZHpCQ1FuZEZkMGhuV1VwWlNWcEpRVmRWUkVKQlJYVk5Ra1ZGUkVOTFR5dHBhbVJYY0VNNGVHaFdXREJuU1VKRlNVRTNlVk4zYzNwTFp6TkNWR0ZtZEVSQldrMVRNVmhGWmpSNFVFeDRaMGx5YlVKSlpsRTBNVXROU1hsMWJHMU1RWHBXYjJSbWREY3pVU3RNWjJaNmQxbE1iMHBqTm5oUVYzUnZVRkVyYlhsYWF6MGlMQ0oyWlhKemFXOXVJam9pTWlJc0luUjVjR1VpT2lKRVFWUkJYMHRGV1NJc0ltVjRjR2x5WVhScGIyNGlPakUzT0RBME5Ea3hNVGQ5",
            "expires_at": "2026-06-03T01:11:57Z",
            "id": "us-east-2",
            "password": "eyJwYXlsb2FkIjoiSU5HdklRclBQNktnYjZXMnNnTWhURG9MUDNoUy95UUpMSWFMYW0wQUgrNmoyQW4zYWFpZWYyZXlCUGJnbWNNQzNaQlBOMHE5UW5yakhadlBmYmZVS0dyZG5sRmxaeVFjSEN4c3YzQ0pPcjUydStmZ01mSVdpSEdvbG9HTDFMVVRoNW1VNExJSTZ4YnR5QXFXK1FqR1E0UndYd3BOUnB3bERJNkpSVjF0TE9BWUxQTXJ6SnF4Y2J6Si9rTjFMbUtBKy9Qc0gxcjIrYnFWdkp5S2NRMjA1WjhyK1p5WnRBa2V6NmVoVXBKWG5CTitTU1U3VmV6cWp6eXhWbzlCQzR2T0YwY3V6ZzVyRVNTeWo4YmRqbzBYZUtLMEo5bXpzUncvRTdleUVsY1drUXRFU3pWcW5oMXlhY1piL2R6WXJUTzZycTNkWkhVOWZZaEdsVmVnYWpzbTdlZG0zamZtdzhJaTByeFZZSU50c2ZBVUJwcC9maFB4Wk51VTFxdWlvRlFQSld5T2dwS3NSL3RpYWRadmFYWmZVaTkwSXJ1dHFkWUhRVzdIczRudkM5Vkovb0xVanhrU3Q3QXpYbEZaVEsrNjlHY0p5aFYzYUtJcWUyOUEzSWh0azVDYW9VVU1nWVN3QzFPTGoyeTV3YzR2eWhGSGNpOHozQi9ha2pJQ0xnU3crK3lnK0xFSngrVHM1eXlBTnFoYTVoZUlWcXJRRWljN0Q3RGhNTUNwaDdsd0NRU2EvTitYa1l3dmhXMG51WXZMZlI2V1YreXY5eFI4cXk5OGtlY041REZuYzY5ZktodDBwYjZTTXNNTGFWR2tKdGppVG91dlo2VkNlQTFTbmxNR1RRYTdXYnE1L0ZFUDJaNmN5MzdkczJuWTdMVVlaTW9iT2ZMMDBMcHZmdWpnb1pIWno1ZzVaZTlCYmxoaWU4aUJqZzkrK3FrclovZG9GT0FCcHFISmFyMVAvT3dJNElJOTY2dDBQOTJpSmw4UXdXNjl0Ym0yUUNrRFJndXRlVWM5MlpNYlEyWEx4QlNEUCtVQjRUek1QTDRQbEdSeUFCeHYvWFhsYXBaOTk2VnZmSjZyK2ZnN0w3dThlNHZnQjFLMEh1T1o3V200UWg5MUdvNm8wQnFkaXdWNkxWaDlUaWM4clBWb2xoVThTcVhpMW5LUmM1dnZQOUN1ZUVMZm9vaVBTZU9tYWpQa0xPYjB0UnNhSnl1THlPMlBpQitDSHo3aDVOWmxRR0lRQ3lvN01IVUdUSjNOeGtWOXk0UXZNZVk0c0ZpNHBDTHVZZWxCNHVtWXc5aEpNKzY0anBKS0d6ZDhvcitPRDdSVjRKTG1DbUpqQ0QwbXAvS2ptRjRLbFhLclBxWFptUGpmbGdrZTdEUmVLaGg2cklIM282NWh4K0w4WWt3eEt1MHV3dUNsYWM2MVEwOU1SMHd5NXdDSHRyY3ZySWF1azJjY1NuWXE2VnZoMk5ETlVaTT0iLCJkYXRha2V5IjoiQVFFQkFIakI3L2lnd01nNE5Qd2F1cnhTSVl4NEhmbnh1R2MvNDhiRHd2d0RwTllXWmdBQUFINHdmQVlKS29aSWh2Y05BUWNHb0c4d2JRSUJBREJvQmdrcWhraUc5dzBCQndFd0hnWUpZSVpJQVdVREJBRXVNQkVFRENLTytpamRXcEM4eGhWWDBnSUJFSUE3eVN3c3pLZzNCVGFmdERBWk1TMVhFZjR4UEx4Z0lybUJJZlE0MUtNSXl1bG1MQXpWb2RmdDczUStMZ2Z6d1lMb0pjNnhQV3RvUFErbXlaaz0iLCJ2ZXJzaW9uIjoiMiIsInR5cGUiOiJEQVRBX0tFWSIsImV4cGlyYXRpb24iOjE3ODA0NDkxMTd9",
            "proxy_endpoint": "https://546208175355.dkr.ecr.us-east-2.amazonaws.com",
            "region": "us-east-2",
            "registry_id": null,
            "user_name": "AWS"
          },
          "sensitive_attributes": [
            [
              {
                "type": "get_attr",
                "value": "authorization_token"
              }
            ],
            [
              {
                "type": "get_attr",
                "value": "password"
              }
            ]
          ],
          "identity_schema_version": 0
        }
      ]
    },
    {
      "mode": "data",
      "type": "aws_region",
      "name": "current",
      "provider": "provider[\"registry.terraform.io/hashicorp/aws\"]",
      "instances": [
        {
          "schema_version": 0,
          "attributes": {
            "description": "US East (Ohio)",
            "endpoint": "ec2.us-east-2.amazonaws.com",
            "id": "us-east-2",
            "name": "us-east-2",
            "region": "us-east-2"
          },
          "sensitive_attributes": [],
          "identity_schema_version": 0
        }
      ]
    },
    {
      "module": "module.docker_build",
      "mode": "data",
      "type": "aws_caller_identity",
      "name": "this",
      "provider": "provider[\"registry.terraform.io/hashicorp/aws\"]",
      "instances": [
        {
          "schema_version": 0,
          "attributes": {
            "account_id": "546208175355",
            "arn": "arn:aws:iam::546208175355:root",
            "id": "546208175355",
            "user_id": "546208175355"
          },
          "sensitive_attributes": [],
          "identity_schema_version": 0
        }
      ]
    },
    {
      "module": "module.docker_build",
      "mode": "data",
      "type": "aws_region",
      "name": "current",
      "provider": "provider[\"registry.terraform.io/hashicorp/aws\"]",
      "instances": [
        {
          "schema_version": 0,
          "attributes": {
            "description": "US East (Ohio)",
            "endpoint": "ec2.us-east-2.amazonaws.com",
            "id": "us-east-2",
            "name": "us-east-2",
            "region": "us-east-2"
          },
          "sensitive_attributes": [],
          "identity_schema_version": 0
        }
      ]
    },
    {
      "module": "module.docker_build",
      "mode": "managed",
      "type": "aws_ecr_lifecycle_policy",
      "name": "this",
      "provider": "provider[\"registry.terraform.io/hashicorp/aws\"]",
      "instances": [
        {
          "index_key": 0,
          "schema_version": 0,
          "attributes": {
            "id": "data-pipeline-repository",
            "policy": "{\"rules\":[{\"action\":{\"type\":\"expire\"},\"description\":\"Keep only the last 2 images\",\"rulePriority\":1,\"selection\":{\"countNumber\":2,\"countType\":\"imageCountMoreThan\",\"tagStatus\":\"any\"}}]}",
            "region": "us-east-2",
            "registry_id": "546208175355",
            "repository": "data-pipeline-repository"
          },
          "sensitive_attributes": [],
          "identity_schema_version": 0,
          "identity": {
            "account_id": "546208175355",
            "region": "us-east-2",
            "repository": "data-pipeline-repository"
          },
          "private": "bnVsbA==",
          "dependencies": [
            "module.docker_build.aws_ecr_repository.this"
          ]
        }
      ]
    },
    {
      "module": "module.docker_build",
      "mode": "managed",
      "type": "aws_ecr_repository",
      "name": "this",
      "provider": "provider[\"registry.terraform.io/hashicorp/aws\"]",
      "instances": [
        {
          "index_key": 0,
          "schema_version": 0,
          "attributes": {
            "arn": "arn:aws:ecr:us-east-2:546208175355:repository/data-pipeline-repository",
            "encryption_configuration": [
              {
                "encryption_type": "AES256",
                "kms_key": ""
              }
            ],
            "force_delete": true,
            "id": "data-pipeline-repository",
            "image_scanning_configuration": [
              {
                "scan_on_push": false
              }
            ],
            "image_tag_mutability": "MUTABLE",
            "image_tag_mutability_exclusion_filter": [],
            "name": "data-pipeline-repository",
            "region": "us-east-2",
            "registry_id": "546208175355",
            "repository_url": "546208175355.dkr.ecr.us-east-2.amazonaws.com/data-pipeline-repository",
            "tags": {},
            "tags_all": {},
            "timeouts": null
          },
          "sensitive_attributes": [],
          "identity_schema_version": 0,
          "identity": {
            "account_id": "546208175355",
            "name": "data-pipeline-repository",
            "region": "us-east-2"
          },
          "private": "eyJlMmJmYjczMC1lY2FhLTExZTYtOGY4OC0zNDM2M2JjN2M0YzAiOnsiZGVsZXRlIjoxMjAwMDAwMDAwMDAwfX0=",
          "create_before_destroy": true
        }
      ]
    },
    {
      "module": "module.docker_build",
      "mode": "managed",
      "type": "docker_image",
      "name": "this",
      "provider": "provider[\"registry.terraform.io/kreuzwerker/docker\"]",
      "instances": [
        {
          "schema_version": 0,
          "attributes": {
            "build": [
              {
                "additional_contexts": [],
                "auth_config": [],
                "build_args": null,
                "build_id": "",
                "build_log_file": "",
                "builder": "",
                "cache_from": [],
                "cache_to": [],
                "cgroup_parent": "",
                "context": "/home/case/repos/melbourne-pedestrian-data-pipeline/lambda",
                "cpu_period": null,
                "cpu_quota": null,
                "cpu_set_cpus": "",
                "cpu_set_mems": "",
                "cpu_shares": null,
                "dockerfile": "Dockerfile",
                "extra_hosts": [],
                "force_remove": null,
                "isolation": "",
                "label": null,
                "labels": null,
                "memory": null,
                "memory_swap": null,
                "network_mode": "",
                "no_cache": null,
                "platform": "linux/amd64",
                "provenance": "false",
                "pull_parent": null,
                "remote_context": "",
                "remove": true,
                "sbom": "false",
                "secrets": [],
                "security_opt": [],
                "session_id": "",
                "shm_size": null,
                "squash": null,
                "suppress_output": null,
                "tag": [],
                "target": "",
                "ulimit": [],
                "use_legacy_builder": false,
                "version": ""
              }
            ],
            "force_remove": false,
            "id": "sha256:3a466a51803c09a58426d0ed51b8129287b3f863ce0956249397b9044c032e9c546208175355.dkr.ecr.us-east-2.amazonaws.com/data-pipeline-repository",
            "image_id": "sha256:3a466a51803c09a58426d0ed51b8129287b3f863ce0956249397b9044c032e9c",
            "keep_locally": false,
            "name": "546208175355.dkr.ecr.us-east-2.amazonaws.com/data-pipeline-repository",
            "platform": null,
            "pull_triggers": null,
            "repo_digest": "546208175355.dkr.ecr.us-east-2.amazonaws.com/data-pipeline-repository@sha256:3a466a51803c09a58426d0ed51b8129287b3f863ce0956249397b9044c032e9c",
            "timeouts": null,
            "triggers": {
              "dir_sha": "800a647a03dca99bc5cb9f5a0a33a2d3a0bb1356",
              "lambda_manifest": "docker-v2"
            }
          },
          "sensitive_attributes": [],
          "identity_schema_version": 0,
          "private": "eyJlMmJmYjczMC1lY2FhLTExZTYtOGY4OC0zNDM2M2JjN2M0YzAiOnsiY3JlYXRlIjoxMjAwMDAwMDAwMDAwLCJkZWxldGUiOjEyMDAwMDAwMDAwMDAsInVwZGF0ZSI6MTIwMDAwMDAwMDAwMH19",
          "dependencies": [
            "data.aws_caller_identity.current",
            "data.aws_ecr_authorization_token.token",
            "data.aws_region.current",
            "module.docker_build.aws_ecr_repository.this",
            "module.docker_build.data.aws_caller_identity.this",
            "module.docker_build.data.aws_region.current"
          ],
          "create_before_destroy": true
        }
      ]
    },
    {
      "module": "module.docker_build",
      "mode": "managed",
      "type": "docker_registry_image",
      "name": "this",
      "provider": "provider[\"registry.terraform.io/kreuzwerker/docker\"]",
      "instances": [
        {
          "schema_version": 0,
          "attributes": {
            "auth_config": [],
            "build": [],
            "id": "sha256:3a466a51803c09a58426d0ed51b8129287b3f863ce0956249397b9044c032e9c",
            "insecure_skip_verify": false,
            "keep_remotely": false,
            "name": "546208175355.dkr.ecr.us-east-2.amazonaws.com/data-pipeline-repository",
            "sha256_digest": "sha256:3a466a51803c09a58426d0ed51b8129287b3f863ce0956249397b9044c032e9c",
            "timeouts": null,
            "triggers": {
              "dir_sha": "800a647a03dca99bc5cb9f5a0a33a2d3a0bb1356",
              "lambda_manifest": "docker-v2"
            }
          },
          "sensitive_attributes": [],
          "identity_schema_version": 0,
          "private": "eyJlMmJmYjczMC1lY2FhLTExZTYtOGY4OC0zNDM2M2JjN2M0YzAiOnsiY3JlYXRlIjoxMjAwMDAwMDAwMDAwLCJkZWxldGUiOjEyMDAwMDAwMDAwMDAsInVwZGF0ZSI6MTIwMDAwMDAwMDAwMH19",
          "dependencies": [
            "data.aws_caller_identity.current",
            "data.aws_ecr_authorization_token.token",
            "data.aws_region.current",
            "module.docker_build.aws_ecr_repository.this",
            "module.docker_build.data.aws_caller_identity.this",
            "module.docker_build.data.aws_region.current",
            "module.docker_build.docker_image.this"
          ],
          "create_before_destroy": true
        }
      ]
    },
    {
      "module": "module.eventbridge",
      "mode": "data",
      "type": "aws_caller_identity",
      "name": "current",
      "provider": "provider[\"registry.terraform.io/hashicorp/aws\"]",
      "instances": [
        {
          "schema_version": 0,
          "attributes": {
            "account_id": "546208175355",
            "arn": "arn:aws:iam::546208175355:root",
            "id": "546208175355",
            "user_id": "546208175355"
          },
          "sensitive_attributes": [],
          "identity_schema_version": 0
        }
      ]
    },
    {
      "module": "module.eventbridge",
      "mode": "data",
      "type": "aws_cloudwatch_event_bus",
      "name": "this",
      "provider": "provider[\"registry.terraform.io/hashicorp/aws\"]",
      "instances": [
        {
          "index_key": 0,
          "schema_version": 0,
          "attributes": {
            "arn": "arn:aws:events:us-east-2:546208175355:event-bus/default",
            "dead_letter_config": [],
            "description": "",
            "id": "default",
            "kms_key_identifier": "",
            "log_config": [],
            "name": "default",
            "region": "us-east-2"
          },
          "sensitive_attributes": [],
          "identity_schema_version": 0
        }
      ]
    },
    {
      "module": "module.eventbridge",
      "mode": "data",
      "type": "aws_iam_policy_document",
      "name": "assume_role",
      "provider": "provider[\"registry.terraform.io/hashicorp/aws\"]",
      "instances": [
        {
          "index_key": 0,
          "schema_version": 0,
          "attributes": {
            "id": "3959961479",
            "json": "{\n  \"Version\": \"2012-10-17\",\n  \"Statement\": [\n    {\n      \"Effect\": \"Allow\",\n      \"Action\": \"sts:AssumeRole\",\n      \"Principal\": {\n        \"Service\": \"events.amazonaws.com\"\n      }\n    }\n  ]\n}",
            "minified_json": "{\"Version\":\"2012-10-17\",\"Statement\":[{\"Effect\":\"Allow\",\"Action\":\"sts:AssumeRole\",\"Principal\":{\"Service\":\"events.amazonaws.com\"}}]}",
            "override_json": null,
            "override_policy_documents": null,
            "policy_id": null,
            "source_json": null,
            "source_policy_documents": null,
            "statement": [
              {
                "actions": [
                  "sts:AssumeRole"
                ],
                "condition": [],
                "effect": "Allow",
                "not_actions": [],
                "not_principals": [],
                "not_resources": [],
                "principals": [
                  {
                    "identifiers": [
                      "events.amazonaws.com"
                    ],
                    "type": "Service"
                  }
                ],
                "resources": [],
                "sid": ""
              }
            ],
            "version": "2012-10-17"
          },
          "sensitive_attributes": [],
          "identity_schema_version": 0
        }
      ]
    },
    {
      "module": "module.eventbridge",
      "mode": "data",
      "type": "aws_partition",
      "name": "current",
      "provider": "provider[\"registry.terraform.io/hashicorp/aws\"]",
      "instances": [
        {
          "schema_version": 0,
          "attributes": {
            "dns_suffix": "amazonaws.com",
            "id": "aws",
            "partition": "aws",
            "reverse_dns_prefix": "com.amazonaws"
          },
          "sensitive_attributes": [],
          "identity_schema_version": 0
        }
      ]
    },
    {
      "module": "module.eventbridge",
      "mode": "data",
      "type": "aws_region",
      "name": "current",
      "provider": "provider[\"registry.terraform.io/hashicorp/aws\"]",
      "instances": [
        {
          "schema_version": 0,
          "attributes": {
            "description": "US East (Ohio)",
            "endpoint": "ec2.us-east-2.amazonaws.com",
            "id": "us-east-2",
            "name": "us-east-2",
            "region": "us-east-2"
          },
          "sensitive_attributes": [],
          "identity_schema_version": 0
        }
      ]
    },
    {
      "module": "module.eventbridge",
      "mode": "managed",
      "type": "aws_cloudwatch_event_rule",
      "name": "this",
      "provider": "provider[\"registry.terraform.io/hashicorp/aws\"]",
      "instances": [
        {
          "index_key": "pedestrian_poll",
          "schema_version": 1,
          "attributes": {
            "arn": "arn:aws:events:us-east-2:546208175355:rule/pedestrian-poll-rule",
            "description": "Poll Melbourne pedestrian counting API",
            "event_bus_name": "default",
            "event_pattern": null,
            "force_destroy": false,
            "id": "pedestrian-poll-rule",
            "is_enabled": true,
            "name": "pedestrian-poll-rule",
            "name_prefix": "",
            "region": "us-east-2",
            "role_arn": "",
            "schedule_expression": "rate(15 minutes)",
            "state": "ENABLED",
            "tags": {
              "Name": "pedestrian-poll-rule"
            },
            "tags_all": {
              "Name": "pedestrian-poll-rule"
            }
          },
          "sensitive_attributes": [],
          "identity_schema_version": 0,
          "identity": {
            "account_id": "546208175355",
            "name": "pedestrian-poll-rule",
            "region": "us-east-2"
          },
          "private": "eyJzY2hlbWFfdmVyc2lvbiI6IjEifQ==",
          "dependencies": [
            "module.eventbridge.aws_cloudwatch_event_bus.this",
            "module.eventbridge.aws_iam_role.eventbridge",
            "module.eventbridge.data.aws_iam_policy_document.assume_role"
          ],
          "create_before_destroy": true
        }
      ]
    },
    {
      "module": "module.eventbridge",
      "mode": "managed",
      "type": "aws_cloudwatch_event_target",
      "name": "this",
      "provider": "provider[\"registry.terraform.io/hashicorp/aws\"]",
      "instances": [
        {
          "index_key": "pedestrian-api-to-snowflake-pipeline",
          "schema_version": 1,
          "attributes": {
            "appsync_target": [],
            "arn": "arn:aws:lambda:us-east-2:546208175355:function:pedestrian-api-to-snowflake-pipeline",
            "batch_target": [],
            "dead_letter_config": [],
            "ecs_target": [],
            "event_bus_name": "default",
            "force_destroy": false,
            "http_target": [],
            "id": "pedestrian-poll-rule-terraform-20260602122059723400000002",
            "input": "",
            "input_path": "",
            "input_transformer": [],
            "kinesis_target": [],
            "redshift_target": [],
            "region": "us-east-2",
            "retry_policy": [],
            "role_arn": "",
            "rule": "pedestrian-poll-rule",
            "run_command_targets": [],
            "sagemaker_pipeline_target": [],
            "sqs_target": [],
            "target_id": "terraform-20260602122059723400000002"
          },
          "sensitive_attributes": [],
          "identity_schema_version": 0,
          "identity": {
            "account_id": "546208175355",
            "event_bus_name": "default",
            "region": "us-east-2",
            "rule": "pedestrian-poll-rule",
            "target_id": "terraform-20260602122059723400000002"
          },
          "private": "eyJzY2hlbWFfdmVyc2lvbiI6IjEifQ==",
          "dependencies": [
            "data.aws_caller_identity.current",
            "data.aws_ecr_authorization_token.token",
            "data.aws_region.current",
            "module.docker_build.aws_ecr_repository.this",
            "module.docker_build.data.aws_caller_identity.this",
            "module.docker_build.data.aws_region.current",
            "module.docker_build.docker_image.this",
            "module.docker_build.docker_registry_image.this",
            "module.eventbridge.aws_cloudwatch_event_api_destination.this",
            "module.eventbridge.aws_cloudwatch_event_bus.this",
            "module.eventbridge.aws_cloudwatch_event_connection.this",
            "module.eventbridge.aws_cloudwatch_event_rule.this",
            "module.eventbridge.aws_iam_role.eventbridge",
            "module.eventbridge.data.aws_iam_policy_document.assume_role",
            "module.lambda.aws_cloudwatch_log_group.lambda",
            "module.lambda.aws_iam_role.lambda",
            "module.lambda.aws_iam_role_policy.additional_inline",
            "module.lambda.aws_iam_role_policy.additional_json",
            "module.lambda.aws_iam_role_policy.additional_jsons",
            "module.lambda.aws_iam_role_policy.async",
            "module.lambda.aws_iam_role_policy.dead_letter",
            "module.lambda.aws_iam_role_policy.logs",
            "module.lambda.aws_iam_role_policy.tracing",
            "module.lambda.aws_iam_role_policy.vpc",
            "module.lambda.aws_iam_role_policy_attachment.additional_many",
            "module.lambda.aws_iam_role_policy_attachment.additional_one",
            "module.lambda.aws_lambda_function.this",
            "module.lambda.aws_s3_object.lambda_package",
            "module.lambda.data.aws_arn.log_group_arn",
            "module.lambda.data.aws_cloudwatch_log_group.lambda",
            "module.lambda.data.aws_iam_policy.tracing",
            "module.lambda.data.aws_iam_policy.vpc",
            "module.lambda.data.aws_iam_policy_document.additional_inline",
            "module.lambda.data.aws_iam_policy_document.assume_role",
            "module.lambda.data.aws_iam_policy_document.async",
            "module.lambda.data.aws_iam_policy_document.dead_letter",
            "module.lambda.data.aws_iam_policy_document.logs",
            "module.lambda.data.aws_partition.current",
            "module.lambda.data.external.archive_prepare",
            "module.lambda.local_file.archive_plan",
            "module.lambda.null_resource.archive",
            "module.lambda.terraform_data.package_filename_for_hash"
          ]
        }
      ]
    },
    {
      "module": "module.eventbridge",
      "mode": "managed",
      "type": "aws_cloudwatch_log_delivery_source",
      "name": "this",
      "provider": "provider[\"registry.terraform.io/hashicorp/aws\"]",
      "instances": [
        {
          "index_key": 0,
          "schema_version": 0,
          "attributes": {
            "arn": "arn:aws:logs:us-east-2:546208175355:delivery-source:default",
            "log_type": "ERROR_LOGS",
            "name": "default",
            "region": "us-east-2",
            "resource_arn": "arn:aws:events:us-east-2:546208175355:event-bus/default",
            "service": "events",
            "tags": {},
            "tags_all": {}
          },
          "sensitive_attributes": [],
          "identity_schema_version": 0,
          "dependencies": [
            "module.eventbridge.aws_cloudwatch_event_bus.this",
            "module.eventbridge.data.aws_cloudwatch_event_bus.this"
          ]
        }
      ]
    },
    {
      "module": "module.eventbridge",
      "mode": "managed",
      "type": "aws_iam_role",
      "name": "eventbridge",
      "provider": "provider[\"registry.terraform.io/hashicorp/aws\"]",
      "instances": [
        {
          "index_key": 0,
          "schema_version": 0,
          "attributes": {
            "arn": "arn:aws:iam::546208175355:role/default",
            "assume_role_policy": "{\"Statement\":[{\"Action\":\"sts:AssumeRole\",\"Effect\":\"Allow\",\"Principal\":{\"Service\":\"events.amazonaws.com\"}}],\"Version\":\"2012-10-17\"}",
            "create_date": "2026-05-23T11:15:53Z",
            "description": "",
            "force_detach_policies": true,
            "id": "default",
            "inline_policy": [],
            "managed_policy_arns": [],
            "max_session_duration": 3600,
            "name": "default",
            "name_prefix": "",
            "path": "/",
            "permissions_boundary": "",
            "tags": {
              "Name": "default"
            },
            "tags_all": {
              "Name": "default"
            },
            "unique_id": "AROAX6LELKT563CIJPCBX"
          },
          "sensitive_attributes": [],
          "identity_schema_version": 0,
          "identity": {
            "account_id": "546208175355",
            "name": "default"
          },
          "private": "bnVsbA==",
          "dependencies": [
            "module.eventbridge.data.aws_iam_policy_document.assume_role"
          ],
          "create_before_destroy": true
        }
      ]
    },
    {
      "module": "module.lambda",
      "mode": "data",
      "type": "aws_caller_identity",
      "name": "current",
      "provider": "provider[\"registry.terraform.io/hashicorp/aws\"]",
      "instances": [
        {
          "schema_version": 0,
          "attributes": {
            "account_id": "546208175355",
            "arn": "arn:aws:iam::546208175355:root",
            "id": "546208175355",
            "user_id": "546208175355"
          },
          "sensitive_attributes": [],
          "identity_schema_version": 0
        }
      ]
    },
    {
      "module": "module.lambda",
      "mode": "data",
      "type": "aws_iam_policy_document",
      "name": "assume_role",
      "provider": "provider[\"registry.terraform.io/hashicorp/aws\"]",
      "instances": [
        {
          "index_key": 0,
          "schema_version": 0,
          "attributes": {
            "id": "2690255455",
            "json": "{\n  \"Version\": \"2012-10-17\",\n  \"Statement\": [\n    {\n      \"Effect\": \"Allow\",\n      \"Action\": \"sts:AssumeRole\",\n      \"Principal\": {\n        \"Service\": \"lambda.amazonaws.com\"\n      }\n    }\n  ]\n}",
            "minified_json": "{\"Version\":\"2012-10-17\",\"Statement\":[{\"Effect\":\"Allow\",\"Action\":\"sts:AssumeRole\",\"Principal\":{\"Service\":\"lambda.amazonaws.com\"}}]}",
            "override_json": null,
            "override_policy_documents": null,
            "policy_id": null,
            "source_json": null,
            "source_policy_documents": null,
            "statement": [
              {
                "actions": [
                  "sts:AssumeRole"
                ],
                "condition": [],
                "effect": "Allow",
                "not_actions": [],
                "not_principals": [],
                "not_resources": [],
                "principals": [
                  {
                    "identifiers": [
                      "lambda.amazonaws.com"
                    ],
                    "type": "Service"
                  }
                ],
                "resources": [],
                "sid": ""
              }
            ],
            "version": "2012-10-17"
          },
          "sensitive_attributes": [],
          "identity_schema_version": 0
        }
      ]
    },
    {
      "module": "module.lambda",
      "mode": "data",
      "type": "aws_iam_policy_document",
      "name": "logs",
      "provider": "provider[\"registry.terraform.io/hashicorp/aws\"]",
      "instances": [
        {
          "index_key": 0,
          "schema_version": 0,
          "attributes": {
            "id": "2243215968",
            "json": "{\n  \"Version\": \"2012-10-17\",\n  \"Statement\": [\n    {\n      \"Effect\": \"Allow\",\n      \"Action\": [\n        \"logs:PutLogEvents\",\n        \"logs:CreateLogStream\",\n        \"logs:CreateLogGroup\"\n      ],\n      \"Resource\": [\n        \"arn:aws:logs:us-east-2:546208175355:log-group:/aws/lambda/pedestrian-api-to-snowflake-pipeline:*:*\",\n        \"arn:aws:logs:us-east-2:546208175355:log-group:/aws/lambda/pedestrian-api-to-snowflake-pipeline:*\"\n      ]\n    }\n  ]\n}",
            "minified_json": "{\"Version\":\"2012-10-17\",\"Statement\":[{\"Effect\":\"Allow\",\"Action\":[\"logs:PutLogEvents\",\"logs:CreateLogStream\",\"logs:CreateLogGroup\"],\"Resource\":[\"arn:aws:logs:us-east-2:546208175355:log-group:/aws/lambda/pedestrian-api-to-snowflake-pipeline:*:*\",\"arn:aws:logs:us-east-2:546208175355:log-group:/aws/lambda/pedestrian-api-to-snowflake-pipeline:*\"]}]}",
            "override_json": null,
            "override_policy_documents": null,
            "policy_id": null,
            "source_json": null,
            "source_policy_documents": null,
            "statement": [
              {
                "actions": [
                  "logs:CreateLogGroup",
                  "logs:CreateLogStream",
                  "logs:PutLogEvents"
                ],
                "condition": [],
                "effect": "Allow",
                "not_actions": [],
                "not_principals": [],
                "not_resources": [],
                "principals": [],
                "resources": [
                  "arn:aws:logs:us-east-2:546208175355:log-group:/aws/lambda/pedestrian-api-to-snowflake-pipeline:*",
                  "arn:aws:logs:us-east-2:546208175355:log-group:/aws/lambda/pedestrian-api-to-snowflake-pipeline:*:*"
                ],
                "sid": ""
              }
            ],
            "version": "2012-10-17"
          },
          "sensitive_attributes": [],
          "identity_schema_version": 0
        }
      ]
    },
    {
      "module": "module.lambda",
      "mode": "data",
      "type": "aws_partition",
      "name": "current",
      "provider": "provider[\"registry.terraform.io/hashicorp/aws\"]",
      "instances": [
        {
          "schema_version": 0,
          "attributes": {
            "dns_suffix": "amazonaws.com",
            "id": "aws",
            "partition": "aws",
            "reverse_dns_prefix": "com.amazonaws"
          },
          "sensitive_attributes": [],
          "identity_schema_version": 0
        }
      ]
    },
    {
      "module": "module.lambda",
      "mode": "data",
      "type": "aws_region",
      "name": "current",
      "provider": "provider[\"registry.terraform.io/hashicorp/aws\"]",
      "instances": [
        {
          "schema_version": 0,
          "attributes": {
            "description": "US East (Ohio)",
            "endpoint": "ec2.us-east-2.amazonaws.com",
            "id": "us-east-2",
            "name": "us-east-2",
            "region": "us-east-2"
          },
          "sensitive_attributes": [],
          "identity_schema_version": 0
        }
      ]
    },
    {
      "module": "module.lambda",
      "mode": "managed",
      "type": "aws_cloudwatch_log_group",
      "name": "lambda",
      "provider": "provider[\"registry.terraform.io/hashicorp/aws\"]",
      "instances": [
        {
          "index_key": 0,
          "schema_version": 0,
          "attributes": {
            "arn": "arn:aws:logs:us-east-2:546208175355:log-group:/aws/lambda/pedestrian-api-to-snowflake-pipeline",
            "deletion_protection_enabled": false,
            "id": "/aws/lambda/pedestrian-api-to-snowflake-pipeline",
            "kms_key_id": "",
            "log_group_class": "STANDARD",
            "name": "/aws/lambda/pedestrian-api-to-snowflake-pipeline",
            "name_prefix": "",
            "region": "us-east-2",
            "retention_in_days": 0,
            "skip_destroy": false,
            "tags": {},
            "tags_all": {}
          },
          "sensitive_attributes": [],
          "identity_schema_version": 0,
          "identity": {
            "account_id": "546208175355",
            "name": "/aws/lambda/pedestrian-api-to-snowflake-pipeline",
            "region": "us-east-2"
          },
          "private": "bnVsbA==",
          "create_before_destroy": true
        }
      ]
    },
    {
      "module": "module.lambda",
      "mode": "managed",
      "type": "aws_iam_role",
      "name": "lambda",
      "provider": "provider[\"registry.terraform.io/hashicorp/aws\"]",
      "instances": [
        {
          "index_key": 0,
          "schema_version": 0,
          "attributes": {
            "arn": "arn:aws:iam::546208175355:role/pedestrian-api-to-snowflake-pipeline",
            "assume_role_policy": "{\"Statement\":[{\"Action\":\"sts:AssumeRole\",\"Effect\":\"Allow\",\"Principal\":{\"Service\":\"lambda.amazonaws.com\"}}],\"Version\":\"2012-10-17\"}",
            "create_date": "2026-05-28T13:43:59Z",
            "description": "",
            "force_detach_policies": true,
            "id": "pedestrian-api-to-snowflake-pipeline",
            "inline_policy": [
              {
                "name": "pedestrian-api-to-snowflake-pipeline-logs",
                "policy": "{\"Version\":\"2012-10-17\",\"Statement\":[{\"Action\":[\"logs:PutLogEvents\",\"logs:CreateLogStream\",\"logs:CreateLogGroup\"],\"Effect\":\"Allow\",\"Resource\":[\"arn:aws:logs:us-east-2:546208175355:log-group:/aws/lambda/pedestrian-api-to-snowflake-pipeline:*:*\",\"arn:aws:logs:us-east-2:546208175355:log-group:/aws/lambda/pedestrian-api-to-snowflake-pipeline:*\"]}]}"
              }
            ],
            "managed_policy_arns": [
              "arn:aws:iam::546208175355:policy/service-role/pedestrian-api-to-snowflake-pipeline-policy",
              "arn:aws:iam::aws:policy/service-role/AWSLambdaBasicExecutionRole"
            ],
            "max_session_duration": 3600,
            "name": "pedestrian-api-to-snowflake-pipeline",
            "name_prefix": "",
            "path": "/",
            "permissions_boundary": "",
            "tags": {},
            "tags_all": {},
            "unique_id": "AROAX6LELKT567CQTLBMX"
          },
          "sensitive_attributes": [],
          "identity_schema_version": 0,
          "identity": {
            "account_id": "546208175355",
            "name": "pedestrian-api-to-snowflake-pipeline"
          },
          "private": "bnVsbA==",
          "dependencies": [
            "module.lambda.data.aws_iam_policy_document.assume_role"
          ],
          "create_before_destroy": true
        }
      ]
    },
    {
      "module": "module.lambda",
      "mode": "managed",
      "type": "aws_iam_role_policy",
      "name": "logs",
      "provider": "provider[\"registry.terraform.io/hashicorp/aws\"]",
      "instances": [
        {
          "index_key": 0,
          "schema_version": 0,
          "attributes": {
            "id": "pedestrian-api-to-snowflake-pipeline:pedestrian-api-to-snowflake-pipeline-logs",
            "name": "pedestrian-api-to-snowflake-pipeline-logs",
            "name_prefix": "",
            "policy": "{\"Version\":\"2012-10-17\",\"Statement\":[{\"Action\":[\"logs:PutLogEvents\",\"logs:CreateLogStream\",\"logs:CreateLogGroup\"],\"Effect\":\"Allow\",\"Resource\":[\"arn:aws:logs:us-east-2:546208175355:log-group:/aws/lambda/pedestrian-api-to-snowflake-pipeline:*:*\",\"arn:aws:logs:us-east-2:546208175355:log-group:/aws/lambda/pedestrian-api-to-snowflake-pipeline:*\"]}]}",
            "role": "pedestrian-api-to-snowflake-pipeline"
          },
          "sensitive_attributes": [],
          "identity_schema_version": 0,
          "identity": {
            "account_id": "546208175355",
            "name": "pedestrian-api-to-snowflake-pipeline-logs",
            "role": "pedestrian-api-to-snowflake-pipeline"
          },
          "private": "bnVsbA==",
          "dependencies": [
            "module.lambda.aws_cloudwatch_log_group.lambda",
            "module.lambda.aws_iam_role.lambda",
            "module.lambda.data.aws_arn.log_group_arn",
            "module.lambda.data.aws_cloudwatch_log_group.lambda",
            "module.lambda.data.aws_iam_policy_document.assume_role",
            "module.lambda.data.aws_iam_policy_document.logs"
          ],
          "create_before_destroy": true
        }
      ]
    },
    {
      "module": "module.lambda",
      "mode": "managed",
      "type": "aws_lambda_function",
      "name": "this",
      "provider": "provider[\"registry.terraform.io/hashicorp/aws\"]",
      "instances": [
        {
          "index_key": 0,
          "schema_version": 0,
          "attributes": {
            "architectures": [
              "x86_64"
            ],
            "arn": "arn:aws:lambda:us-east-2:546208175355:function:pedestrian-api-to-snowflake-pipeline",
            "capacity_provider_config": [],
            "code_sha256": "3a466a51803c09a58426d0ed51b8129287b3f863ce0956249397b9044c032e9c",
            "code_signing_config_arn": "",
            "dead_letter_config": [],
            "description": "Exports pedestrian counting data from Melbourne OpenDataSoft API to Snowflake",
            "durable_config": [],
            "environment": [],
            "ephemeral_storage": [
              {
                "size": 512
              }
            ],
            "file_system_config": [],
            "filename": null,
            "function_name": "pedestrian-api-to-snowflake-pipeline",
            "handler": "",
            "id": "pedestrian-api-to-snowflake-pipeline",
            "image_config": [],
            "image_uri": "546208175355.dkr.ecr.us-east-2.amazonaws.com/data-pipeline-repository@sha256:3a466a51803c09a58426d0ed51b8129287b3f863ce0956249397b9044c032e9c",
            "invoke_arn": "arn:aws:apigateway:us-east-2:lambda:path/2015-03-31/functions/arn:aws:lambda:us-east-2:546208175355:function:pedestrian-api-to-snowflake-pipeline/invocations",
            "kms_key_arn": "",
            "last_modified": "2026-06-02T13:12:27.000+0000",
            "layers": [],
            "logging_config": [
              {
                "application_log_level": "",
                "log_format": "Text",
                "log_group": "/aws/lambda/pedestrian-api-to-snowflake-pipeline",
                "system_log_level": ""
              }
            ],
            "memory_size": 128,
            "package_type": "Image",
            "publish": false,
            "publish_to": null,
            "qualified_arn": "arn:aws:lambda:us-east-2:546208175355:function:pedestrian-api-to-snowflake-pipeline:$LATEST",
            "qualified_invoke_arn": "arn:aws:apigateway:us-east-2:lambda:path/2015-03-31/functions/arn:aws:lambda:us-east-2:546208175355:function:pedestrian-api-to-snowflake-pipeline:$LATEST/invocations",
            "region": "us-east-2",
            "replace_security_groups_on_destroy": null,
            "replacement_security_group_ids": null,
            "reserved_concurrent_executions": -1,
            "response_streaming_invoke_arn": "arn:aws:apigateway:us-east-2:lambda:path/2021-11-15/functions/arn:aws:lambda:us-east-2:546208175355:function:pedestrian-api-to-snowflake-pipeline/response-streaming-invocations",
            "role": "arn:aws:iam::546208175355:role/pedestrian-api-to-snowflake-pipeline",
            "runtime": "",
            "s3_bucket": null,
            "s3_key": null,
            "s3_object_version": null,
            "signing_job_arn": "",
            "signing_profile_version_arn": "",
            "skip_destroy": false,
            "snap_start": [],
            "source_code_hash": "",
            "source_code_size": 0,
            "source_kms_key_arn": "",
            "tags": {},
            "tags_all": {},
            "tenancy_config": [],
            "timeout": 60,
            "timeouts": null,
            "tracing_config": [
              {
                "mode": "PassThrough"
              }
            ],
            "version": "$LATEST",
            "vpc_config": []
          },
          "sensitive_attributes": [],
          "identity_schema_version": 0,
          "identity": {
            "account_id": "546208175355",
            "function_name": "pedestrian-api-to-snowflake-pipeline",
            "region": "us-east-2"
          },
          "private": "eyJlMmJmYjczMC1lY2FhLTExZTYtOGY4OC0zNDM2M2JjN2M0YzAiOnsiY3JlYXRlIjo2MDAwMDAwMDAwMDAsImRlbGV0ZSI6NjAwMDAwMDAwMDAwLCJ1cGRhdGUiOjYwMDAwMDAwMDAwMH19",
          "dependencies": [
            "data.aws_caller_identity.current",
            "data.aws_ecr_authorization_token.token",
            "data.aws_region.current",
            "module.docker_build.aws_ecr_repository.this",
            "module.docker_build.data.aws_caller_identity.this",
            "module.docker_build.data.aws_region.current",
            "module.docker_build.docker_image.this",
            "module.docker_build.docker_registry_image.this",
            "module.lambda.aws_cloudwatch_log_group.lambda",
            "module.lambda.aws_iam_role.lambda",
            "module.lambda.aws_iam_role_policy.additional_inline",
            "module.lambda.aws_iam_role_policy.additional_json",
            "module.lambda.aws_iam_role_policy.additional_jsons",
            "module.lambda.aws_iam_role_policy.async",
            "module.lambda.aws_iam_role_policy.dead_letter",
            "module.lambda.aws_iam_role_policy.logs",
            "module.lambda.aws_iam_role_policy.tracing",
            "module.lambda.aws_iam_role_policy.vpc",
            "module.lambda.aws_iam_role_policy_attachment.additional_many",
            "module.lambda.aws_iam_role_policy_attachment.additional_one",
            "module.lambda.aws_s3_object.lambda_package",
            "module.lambda.data.aws_arn.log_group_arn",
            "module.lambda.data.aws_cloudwatch_log_group.lambda",
            "module.lambda.data.aws_iam_policy.tracing",
            "module.lambda.data.aws_iam_policy.vpc",
            "module.lambda.data.aws_iam_policy_document.additional_inline",
            "module.lambda.data.aws_iam_policy_document.assume_role",
            "module.lambda.data.aws_iam_policy_document.async",
            "module.lambda.data.aws_iam_policy_document.dead_letter",
            "module.lambda.data.aws_iam_policy_document.logs",
            "module.lambda.data.aws_partition.current",
            "module.lambda.data.external.archive_prepare",
            "module.lambda.local_file.archive_plan",
            "module.lambda.null_resource.archive",
            "module.lambda.terraform_data.package_filename_for_hash"
          ],
          "create_before_destroy": true
        }
      ]
    },
    {
      "module": "module.lambda",
      "mode": "managed",
      "type": "aws_lambda_permission",
      "name": "unqualified_alias_triggers",
      "provider": "provider[\"registry.terraform.io/hashicorp/aws\"]",
      "instances": [
        {
          "index_key": "PedestrianPollRule",
          "schema_version": 0,
          "attributes": {
            "action": "lambda:InvokeFunction",
            "event_source_token": null,
            "function_name": "pedestrian-api-to-snowflake-pipeline",
            "function_url_auth_type": null,
            "id": "PedestrianPollRule20260602122059718100000001",
            "invoked_via_function_url": null,
            "principal": "events.amazonaws.com",
            "principal_org_id": null,
            "qualifier": "",
            "region": "us-east-2",
            "source_account": null,
            "source_arn": "arn:aws:events:us-east-2:546208175355:rule/pedestrian-poll-rule",
            "statement_id": "PedestrianPollRule20260602122059718100000001",
            "statement_id_prefix": "PedestrianPollRule"
          },
          "sensitive_attributes": [],
          "identity_schema_version": 0,
          "identity": {
            "account_id": "546208175355",
            "function_name": "pedestrian-api-to-snowflake-pipeline",
            "qualifier": null,
            "region": "us-east-2",
            "statement_id": "PedestrianPollRule20260602122059718100000001"
          },
          "private": "bnVsbA==",
          "dependencies": [
            "data.aws_caller_identity.current",
            "data.aws_ecr_authorization_token.token",
            "data.aws_region.current",
            "module.docker_build.aws_ecr_repository.this",
            "module.docker_build.data.aws_caller_identity.this",
            "module.docker_build.data.aws_region.current",
            "module.docker_build.docker_image.this",
            "module.docker_build.docker_registry_image.this",
            "module.eventbridge.aws_cloudwatch_event_bus.this",
            "module.eventbridge.aws_cloudwatch_event_rule.this",
            "module.eventbridge.aws_iam_role.eventbridge",
            "module.eventbridge.data.aws_iam_policy_document.assume_role",
            "module.lambda.aws_cloudwatch_log_group.lambda",
            "module.lambda.aws_iam_role.lambda",
            "module.lambda.aws_iam_role_policy.additional_inline",
            "module.lambda.aws_iam_role_policy.additional_json",
            "module.lambda.aws_iam_role_policy.additional_jsons",
            "module.lambda.aws_iam_role_policy.async",
            "module.lambda.aws_iam_role_policy.dead_letter",
            "module.lambda.aws_iam_role_policy.logs",
            "module.lambda.aws_iam_role_policy.tracing",
            "module.lambda.aws_iam_role_policy.vpc",
            "module.lambda.aws_iam_role_policy_attachment.additional_many",
            "module.lambda.aws_iam_role_policy_attachment.additional_one",
            "module.lambda.aws_lambda_function.this",
            "module.lambda.aws_s3_object.lambda_package",
            "module.lambda.data.aws_arn.log_group_arn",
            "module.lambda.data.aws_cloudwatch_log_group.lambda",
            "module.lambda.data.aws_iam_policy.tracing",
            "module.lambda.data.aws_iam_policy.vpc",
            "module.lambda.data.aws_iam_policy_document.additional_inline",
            "module.lambda.data.aws_iam_policy_document.assume_role",
            "module.lambda.data.aws_iam_policy_document.async",
            "module.lambda.data.aws_iam_policy_document.dead_letter",
            "module.lambda.data.aws_iam_policy_document.logs",
            "module.lambda.data.aws_partition.current",
            "module.lambda.data.external.archive_prepare",
            "module.lambda.local_file.archive_plan",
            "module.lambda.null_resource.archive",
            "module.lambda.terraform_data.package_filename_for_hash"
          ],
          "create_before_destroy": true
        }
      ]
    },
    {
      "module": "module.lambda",
      "mode": "managed",
      "type": "terraform_data",
      "name": "package_filename_for_hash",
      "provider": "provider[\"terraform.io/builtin/terraform\"]",
      "instances": [
        {
          "index_key": 0,
          "schema_version": 0,
          "attributes": {
            "id": "7273af50-020d-87fa-dcc7-444385795908",
            "input": {
              "value": {
                "filename": null
              },
              "type": [
                "object",
                {
                  "filename": "string"
                }
              ]
            },
            "output": {
              "value": {
                "filename": null
              },
              "type": [
                "object",
                {
                  "filename": "string"
                }
              ]
            },
            "triggers_replace": {
              "value": [
                null
              ],
              "type": [
                "tuple",
                [
                  "string"
                ]
              ]
            }
          },
          "sensitive_attributes": [],
          "identity_schema_version": 0,
          "dependencies": [
            "module.lambda.data.external.archive_prepare",
            "module.lambda.local_file.archive_plan",
            "module.lambda.null_resource.archive"
          ],
          "create_before_destroy": true
        }
      ]
    }
  ],
  "check_results": null
}
